Microsoft Visual Studio Solution File, Format Version 11.00
# Visual Studio 2010
Project("{2150E333-8FDC-42A3-9474-1A3956D46DE8}") = "(Source)", "..\..\third_party\WebKit\Source", "{D5536B1B-0215-0B8D-2C6B-01AF474C999D}"
EndProject
Project("{2150E333-8FDC-42A3-9474-1A3956D46DE8}") = "(WebKit)", "..\..\third_party\WebKit", "{7C6CDB29-38D7-8364-748C-AEAAD8CCFB36}"
EndProject
Project("{2150E333-8FDC-42A3-9474-1A3956D46DE8}") = "(ash)", "..\..\ash", "{2C701697-4BE8-6965-675E-7CB553888193}"
EndProject
Project("{2150E333-8FDC-42A3-9474-1A3956D46DE8}") = "(base)", "..\..\ui\base", "{4D091BEB-A76B-E8AB-36FD-0A80BA9DE97D}"
EndProject
Project("{2150E333-8FDC-42A3-9474-1A3956D46DE8}") = "(bluetooth)", "..\..\device\bluetooth", "{06359222-6683-F50A-BC25-0B34762ADBB5}"
EndProject
Project("{2150E333-8FDC-42A3-9474-1A3956D46DE8}") = "(browser)", "..\..\content\browser", "{05612B81-8C06-4D9F-2940-1F090A7AFEA6}"
EndProject
Project("{2150E333-8FDC-42A3-9474-1A3956D46DE8}") = "(chrome)", "..\..\chrome", "{CA127179-388A-5DFD-3EE4-9882FA1EF246}"
EndProject
Project("{2150E333-8FDC-42A3-9474-1A3956D46DE8}") = "(components)", "..\..\components", "{61D22B61-259C-DDC3-1E7C-14653843C641}"
EndProject
Project("{2150E333-8FDC-42A3-9474-1A3956D46DE8}") = "(content)", "..\..\content", "{E3A8CD23-337F-37A2-E567-55492FCA3791}"
EndProject
Project("{2150E333-8FDC-42A3-9474-1A3956D46DE8}") = "(device)", "..\..\device", "{B7ACE7CC-21A5-30B2-1077-36F3F6123CE7}"
EndProject
Project("{2150E333-8FDC-42A3-9474-1A3956D46DE8}") = "(devtools)", "..\..\third_party\WebKit\Source\devtools", "{6C198C74-E01D-E691-B905-1C06C2153B0F}"
EndProject
Project("{2150E333-8FDC-42A3-9474-1A3956D46DE8}") = "(devtools)", "..\..\content\browser\devtools", "{965C1E4D-1045-A824-9CE5-C38E74FAC418}"
EndProject
Project("{2150E333-8FDC-42A3-9474-1A3956D46DE8}") = "(net)", "..\..\net", "{96A8EC63-88DB-B85C-EEBC-43667C60DEB3}"
EndProject
Project("{2150E333-8FDC-42A3-9474-1A3956D46DE8}") = "(strings)", "..\..\ui\base\strings", "{C7F83F05-8335-05BC-FABC-52BB99106795}"
EndProject
Project("{2150E333-8FDC-42A3-9474-1A3956D46DE8}") = "(third_party)", "..\..\third_party", "{89C816A7-DD31-D54C-C69C-5A80E0C49B77}"
EndProject
Project("{2150E333-8FDC-42A3-9474-1A3956D46DE8}") = "(trace-viewer)", "..\..\third_party\trace-viewer", "{A960A9F2-FB52-1F40-085E-BF04CC0213B0}"
EndProject
Project("{2150E333-8FDC-42A3-9474-1A3956D46DE8}") = "(tracing)", "..\..\content\browser\tracing", "{80248E9B-7B71-9446-F886-C0B5E1C0037E}"
EndProject
Project("{2150E333-8FDC-42A3-9474-1A3956D46DE8}") = "(ui)", "..\..\ui", "{644B7826-0417-C19E-B1ED-C0BF73289DEE}"
EndProject
Project("{2150E333-8FDC-42A3-9474-1A3956D46DE8}") = "(webkit)", "..\..\webkit", "{CD1E1B21-48E8-1ABE-48E1-89B2D4C456AB}"
EndProject
Project("{8BC9CEB8-8B4A-11D0-8D11-00A0C91BC942}") = "about_credits", "about_credits.vcxproj", "{CEF77F74-8EAC-1444-EDD8-34E59231C529}"
EndProject
Project("{8BC9CEB8-8B4A-11D0-8D11-00A0C91BC942}") = "ash_strings", "..\ash\ash_strings.vcxproj", "{5A859A85-241E-E94C-2E4D-49B17B181DBF}"
EndProject
Project("{8BC9CEB8-8B4A-11D0-8D11-00A0C91BC942}") = "chrome_extra_resources", "chrome_extra_resources.vcxproj", "{C7D0B7F9-212A-3B7B-1FC7-4F27AB9A54A0}"
	ProjectSection(ProjectDependencies) = postProject
		{D2499E30-D71E-00C9-83C0-64174ACD3C24} = {D2499E30-D71E-00C9-83C0-64174ACD3C24}
		{6B69947E-F2CA-D46D-3157-2F6394EC52A2} = {6B69947E-F2CA-D46D-3157-2F6394EC52A2}
	EndProjectSection
EndProject
Project("{8BC9CEB8-8B4A-11D0-8D11-00A0C91BC942}") = "chrome_resources", "chrome_resources.vcxproj", "{75501252-FA9C-49F6-B0CD-B60709782AEC}"
	ProjectSection(ProjectDependencies) = postProject
		{CEF77F74-8EAC-1444-EDD8-34E59231C529} = {CEF77F74-8EAC-1444-EDD8-34E59231C529}
	EndProjectSection
EndProject
Project("{8BC9CEB8-8B4A-11D0-8D11-00A0C91BC942}") = "chrome_strings", "chrome_strings.vcxproj", "{E1CA7047-1B25-E385-5F10-5E66EB200F62}"
EndProject
Project("{8BC9CEB8-8B4A-11D0-8D11-00A0C91BC942}") = "chrome_unscaled_resources", "chrome_unscaled_resources.vcxproj", "{325BCF79-486B-9222-B5C2-3BEA0D4BC332}"
EndProject
Project("{8BC9CEB8-8B4A-11D0-8D11-00A0C91BC942}") = "component_strings", "..\components\component_strings.vcxproj", "{7287A98E-6E55-5295-2821-8C6887B48E6C}"
EndProject
Project("{8BC9CEB8-8B4A-11D0-8D11-00A0C91BC942}") = "concatenated_devtools_audits_js", "..\third_party\WebKit\Source\devtools\concatenated_devtools_audits_js.vcxproj", "{0D477CCF-7CF3-6D45-2F0B-F013D1E2D541}"
EndProject
Project("{8BC9CEB8-8B4A-11D0-8D11-00A0C91BC942}") = "concatenated_devtools_codemirror_js", "..\third_party\WebKit\Source\devtools\concatenated_devtools_codemirror_js.vcxproj", "{CE4FB358-6791-90C3-3A0C-FB694C2429B8}"
EndProject
Project("{8BC9CEB8-8B4A-11D0-8D11-00A0C91BC942}") = "concatenated_devtools_css", "..\third_party\WebKit\Source\devtools\concatenated_devtools_css.vcxproj", "{AD852332-FFDE-596F-6B0E-17D6145A82C4}"
	ProjectSection(ProjectDependencies) = postProject
		{F0EDEA94-03F5-74CA-F6D2-B69084FCE4AB} = {F0EDEA94-03F5-74CA-F6D2-B69084FCE4AB}
	EndProjectSection
EndProject
Project("{8BC9CEB8-8B4A-11D0-8D11-00A0C91BC942}") = "concatenated_devtools_elements_js", "..\third_party\WebKit\Source\devtools\concatenated_devtools_elements_js.vcxproj", "{A273C556-94D2-BBC0-FD21-E07FFD8DF1B1}"
EndProject
Project("{8BC9CEB8-8B4A-11D0-8D11-00A0C91BC942}") = "concatenated_devtools_js", "..\third_party\WebKit\Source\devtools\concatenated_devtools_js.vcxproj", "{014D01CE-DDBC-DD11-8CB5-349A654BAC6F}"
	ProjectSection(ProjectDependencies) = postProject
		{F0EDEA94-03F5-74CA-F6D2-B69084FCE4AB} = {F0EDEA94-03F5-74CA-F6D2-B69084FCE4AB}
		{B986ACB3-7DE6-C3C0-8194-D403B57F1DF9} = {B986ACB3-7DE6-C3C0-8194-D403B57F1DF9}
	EndProjectSection
EndProject
Project("{8BC9CEB8-8B4A-11D0-8D11-00A0C91BC942}") = "concatenated_devtools_network_js", "..\third_party\WebKit\Source\devtools\concatenated_devtools_network_js.vcxproj", "{6242F6CF-2D89-0F64-8978-D6F49F2E6C57}"
EndProject
Project("{8BC9CEB8-8B4A-11D0-8D11-00A0C91BC942}") = "concatenated_devtools_profiles_js", "..\third_party\WebKit\Source\devtools\concatenated_devtools_profiles_js.vcxproj", "{12ECC2BB-4C91-CB7D-0E40-D4A52E01EED0}"
EndProject
Project("{8BC9CEB8-8B4A-11D0-8D11-00A0C91BC942}") = "concatenated_devtools_resources_js", "..\third_party\WebKit\Source\devtools\concatenated_devtools_resources_js.vcxproj", "{CD97A68A-3E8B-9125-D730-C118D05D36CC}"
EndProject
Project("{8BC9CEB8-8B4A-11D0-8D11-00A0C91BC942}") = "concatenated_devtools_scripts_js", "..\third_party\WebKit\Source\devtools\concatenated_devtools_scripts_js.vcxproj", "{C962EB33-30A5-593B-9FD2-2571D2C14A4C}"
EndProject
Project("{8BC9CEB8-8B4A-11D0-8D11-00A0C91BC942}") = "concatenated_devtools_timeline_js", "..\third_party\WebKit\Source\devtools\concatenated_devtools_timeline_js.vcxproj", "{2873515D-13D0-B445-03D3-F34EC0855EDC}"
EndProject
Project("{8BC9CEB8-8B4A-11D0-8D11-00A0C91BC942}") = "concatenated_heap_snapshot_worker_js", "..\third_party\WebKit\Source\devtools\concatenated_heap_snapshot_worker_js.vcxproj", "{C6C97D08-B985-291F-CE70-54A0BCAC7D74}"
EndProject
Project("{8BC9CEB8-8B4A-11D0-8D11-00A0C91BC942}") = "concatenated_script_formatter_worker_js", "..\third_party\WebKit\Source\devtools\concatenated_script_formatter_worker_js.vcxproj", "{FAAD0D6B-5056-9301-A1E5-F5946C4BF48E}"
EndProject
Project("{8BC9CEB8-8B4A-11D0-8D11-00A0C91BC942}") = "content_resources", "..\content\content_resources.vcxproj", "{98B4000C-7984-E0EA-61A9-6A61EA38A144}"
EndProject
Project("{8BC9CEB8-8B4A-11D0-8D11-00A0C91BC942}") = "device_bluetooth_strings", "..\device\bluetooth\device_bluetooth_strings.vcxproj", "{52BE7053-DF6D-C8A6-F190-714918198356}"
EndProject
Project("{8BC9CEB8-8B4A-11D0-8D11-00A0C91BC942}") = "devtools_extension_api", "..\third_party\WebKit\Source\devtools\devtools_extension_api.vcxproj", "{BFA28568-52C3-E264-95BD-51F806E3D834}"
EndProject
Project("{8BC9CEB8-8B4A-11D0-8D11-00A0C91BC942}") = "devtools_html", "..\third_party\WebKit\Source\devtools\devtools_html.vcxproj", "{F0EDEA94-03F5-74CA-F6D2-B69084FCE4AB}"
EndProject
Project("{8BC9CEB8-8B4A-11D0-8D11-00A0C91BC942}") = "devtools_resources", "..\content\browser\devtools\devtools_resources.vcxproj", "{D2499E30-D71E-00C9-83C0-64174ACD3C24}"
	ProjectSection(ProjectDependencies) = postProject
		{163BA5BF-B5D3-8C1C-0521-3A0D0B626094} = {163BA5BF-B5D3-8C1C-0521-3A0D0B626094}
	EndProjectSection
EndProject
Project("{8BC9CEB8-8B4A-11D0-8D11-00A0C91BC942}") = "frontend_protocol_sources", "..\third_party\WebKit\Source\devtools\frontend_protocol_sources.vcxproj", "{B986ACB3-7DE6-C3C0-8194-D403B57F1DF9}"
EndProject
Project("{8BC9CEB8-8B4A-11D0-8D11-00A0C91BC942}") = "generate_about_tracing", "..\third_party\trace-viewer\generate_about_tracing.vcxproj", "{067CA4EF-BDBD-FB06-1DE3-CC1F08988F2F}"
EndProject
Project("{8BC9CEB8-8B4A-11D0-8D11-00A0C91BC942}") = "generate_devtools_grd", "..\third_party\WebKit\Source\devtools\generate_devtools_grd.vcxproj", "{163BA5BF-B5D3-8C1C-0521-3A0D0B626094}"
	ProjectSection(ProjectDependencies) = postProject
		{F0EDEA94-03F5-74CA-F6D2-B69084FCE4AB} = {F0EDEA94-03F5-74CA-F6D2-B69084FCE4AB}
		{BFA28568-52C3-E264-95BD-51F806E3D834} = {BFA28568-52C3-E264-95BD-51F806E3D834}
		{014D01CE-DDBC-DD11-8CB5-349A654BAC6F} = {014D01CE-DDBC-DD11-8CB5-349A654BAC6F}
		{A273C556-94D2-BBC0-FD21-E07FFD8DF1B1} = {A273C556-94D2-BBC0-FD21-E07FFD8DF1B1}
		{CD97A68A-3E8B-9125-D730-C118D05D36CC} = {CD97A68A-3E8B-9125-D730-C118D05D36CC}
		{6242F6CF-2D89-0F64-8978-D6F49F2E6C57} = {6242F6CF-2D89-0F64-8978-D6F49F2E6C57}
		{C962EB33-30A5-593B-9FD2-2571D2C14A4C} = {C962EB33-30A5-593B-9FD2-2571D2C14A4C}
		{2873515D-13D0-B445-03D3-F34EC0855EDC} = {2873515D-13D0-B445-03D3-F34EC0855EDC}
		{12ECC2BB-4C91-CB7D-0E40-D4A52E01EED0} = {12ECC2BB-4C91-CB7D-0E40-D4A52E01EED0}
		{0D477CCF-7CF3-6D45-2F0B-F013D1E2D541} = {0D477CCF-7CF3-6D45-2F0B-F013D1E2D541}
		{CE4FB358-6791-90C3-3A0C-FB694C2429B8} = {CE4FB358-6791-90C3-3A0C-FB694C2429B8}
		{C6C97D08-B985-291F-CE70-54A0BCAC7D74} = {C6C97D08-B985-291F-CE70-54A0BCAC7D74}
		{FAAD0D6B-5056-9301-A1E5-F5946C4BF48E} = {FAAD0D6B-5056-9301-A1E5-F5946C4BF48E}
		{AD852332-FFDE-596F-6B0E-17D6145A82C4} = {AD852332-FFDE-596F-6B0E-17D6145A82C4}
	EndProjectSection
EndProject
Project("{8BC9CEB8-8B4A-11D0-8D11-00A0C91BC942}") = "generate_tracing_grd", "..\content\browser\tracing\generate_tracing_grd.vcxproj", "{5654B055-7129-80B8-C278-45A14AF2D068}"
	ProjectSection(ProjectDependencies) = postProject
		{067CA4EF-BDBD-FB06-1DE3-CC1F08988F2F} = {067CA4EF-BDBD-FB06-1DE3-CC1F08988F2F}
	EndProjectSection
EndProject
Project("{8BC9CEB8-8B4A-11D0-8D11-00A0C91BC942}") = "net_resources", "..\net\net_resources.vcxproj", "{1497DACF-A6D1-9A72-6263-07958A0E7FAB}"
EndProject
Project("{8BC9CEB8-8B4A-11D0-8D11-00A0C91BC942}") = "packed_extra_resources", "packed_extra_resources.vcxproj", "{6AD5920C-DC22-5DC3-DF1A-C5986AE90894}"
	ProjectSection(ProjectDependencies) = postProject
		{C7D0B7F9-212A-3B7B-1FC7-4F27AB9A54A0} = {C7D0B7F9-212A-3B7B-1FC7-4F27AB9A54A0}
	EndProjectSection
EndProject
Project("{8BC9CEB8-8B4A-11D0-8D11-00A0C91BC942}") = "packed_resources", "packed_resources.vcxproj", "{B7B73F46-D50B-63C5-0DBD-E1DCBE7E3799}"
	ProjectSection(ProjectDependencies) = postProject
		{75501252-FA9C-49F6-B0CD-B60709782AEC} = {75501252-FA9C-49F6-B0CD-B60709782AEC}
		{E1CA7047-1B25-E385-5F10-5E66EB200F62} = {E1CA7047-1B25-E385-5F10-5E66EB200F62}
		{6A8D6AF7-B2B1-C40F-B88B-FD40DD263528} = {6A8D6AF7-B2B1-C40F-B88B-FD40DD263528}
		{9C6753A6-7E5B-AA0A-8077-4D2BE489BC0D} = {9C6753A6-7E5B-AA0A-8077-4D2BE489BC0D}
		{7287A98E-6E55-5295-2821-8C6887B48E6C} = {7287A98E-6E55-5295-2821-8C6887B48E6C}
		{1497DACF-A6D1-9A72-6263-07958A0E7FAB} = {1497DACF-A6D1-9A72-6263-07958A0E7FAB}
		{F5CCCCF6-5931-56C4-E656-5EBD4FF42DEC} = {F5CCCCF6-5931-56C4-E656-5EBD4FF42DEC}
		{7F6117C8-833B-A72A-4D67-847ABEBA0F44} = {7F6117C8-833B-A72A-4D67-847ABEBA0F44}
		{5A859A85-241E-E94C-2E4D-49B17B181DBF} = {5A859A85-241E-E94C-2E4D-49B17B181DBF}
		{98B4000C-7984-E0EA-61A9-6A61EA38A144} = {98B4000C-7984-E0EA-61A9-6A61EA38A144}
		{52BE7053-DF6D-C8A6-F190-714918198356} = {52BE7053-DF6D-C8A6-F190-714918198356}
		{054C4B20-1A4C-EBAC-C7BC-79B604ACE202} = {054C4B20-1A4C-EBAC-C7BC-79B604ACE202}
		{7A4A1C8D-9AC0-875C-726B-1412076A1FE3} = {7A4A1C8D-9AC0-875C-726B-1412076A1FE3}
	EndProjectSection
EndProject
Project("{8BC9CEB8-8B4A-11D0-8D11-00A0C91BC942}") = "platform_locale_settings", "platform_locale_settings.vcxproj", "{6A8D6AF7-B2B1-C40F-B88B-FD40DD263528}"
EndProject
Project("{8BC9CEB8-8B4A-11D0-8D11-00A0C91BC942}") = "theme_resources", "theme_resources.vcxproj", "{9C6753A6-7E5B-AA0A-8077-4D2BE489BC0D}"
	ProjectSection(ProjectDependencies) = postProject
		{325BCF79-486B-9222-B5C2-3BEA0D4BC332} = {325BCF79-486B-9222-B5C2-3BEA0D4BC332}
		{2F5737E7-19CB-25F0-132F-0B0E7EA5FAF0} = {2F5737E7-19CB-25F0-132F-0B0E7EA5FAF0}
		{7F6117C8-833B-A72A-4D67-847ABEBA0F44} = {7F6117C8-833B-A72A-4D67-847ABEBA0F44}
	EndProjectSection
EndProject
Project("{8BC9CEB8-8B4A-11D0-8D11-00A0C91BC942}") = "theme_resources_gen", "theme_resources_gen.vcxproj", "{2F5737E7-19CB-25F0-132F-0B0E7EA5FAF0}"
EndProject
Project("{8BC9CEB8-8B4A-11D0-8D11-00A0C91BC942}") = "tracing_resources", "..\content\browser\tracing\tracing_resources.vcxproj", "{6B69947E-F2CA-D46D-3157-2F6394EC52A2}"
	ProjectSection(ProjectDependencies) = postProject
		{067CA4EF-BDBD-FB06-1DE3-CC1F08988F2F} = {067CA4EF-BDBD-FB06-1DE3-CC1F08988F2F}
		{5654B055-7129-80B8-C278-45A14AF2D068} = {5654B055-7129-80B8-C278-45A14AF2D068}
	EndProjectSection
EndProject
Project("{8BC9CEB8-8B4A-11D0-8D11-00A0C91BC942}") = "ui_resources", "..\ui\ui_resources.vcxproj", "{7F6117C8-833B-A72A-4D67-847ABEBA0F44}"
EndProject
Project("{8BC9CEB8-8B4A-11D0-8D11-00A0C91BC942}") = "ui_strings", "..\ui\base\strings\ui_strings.vcxproj", "{F5CCCCF6-5931-56C4-E656-5EBD4FF42DEC}"
EndProject
Project("{8BC9CEB8-8B4A-11D0-8D11-00A0C91BC942}") = "webkit_resources", "..\webkit\webkit_resources.vcxproj", "{054C4B20-1A4C-EBAC-C7BC-79B604ACE202}"
EndProject
Project("{8BC9CEB8-8B4A-11D0-8D11-00A0C91BC942}") = "webkit_strings", "..\webkit\webkit_strings.vcxproj", "{7A4A1C8D-9AC0-875C-726B-1412076A1FE3}"
EndProject
Global
	GlobalSection(SolutionConfigurationPlatforms) = preSolution
		Release|x64 = Release|x64
		Debug|Win32 = Debug|Win32
		Debug|x64 = Debug|x64
		Release|Win32 = Release|Win32
	EndGlobalSection
	GlobalSection(ProjectConfigurationPlatforms) = postSolution
		{014D01CE-DDBC-DD11-8CB5-349A654BAC6F}.Release|x64.ActiveCfg = Release|x64
		{014D01CE-DDBC-DD11-8CB5-349A654BAC6F}.Release|x64.Build.0 = Release|x64
		{014D01CE-DDBC-DD11-8CB5-349A654BAC6F}.Debug|Win32.ActiveCfg = Debug|Win32
		{014D01CE-DDBC-DD11-8CB5-349A654BAC6F}.Debug|Win32.Build.0 = Debug|Win32
		{014D01CE-DDBC-DD11-8CB5-349A654BAC6F}.Debug|x64.ActiveCfg = Debug|x64
		{014D01CE-DDBC-DD11-8CB5-349A654BAC6F}.Debug|x64.Build.0 = Debug|x64
		{014D01CE-DDBC-DD11-8CB5-349A654BAC6F}.Release|Win32.ActiveCfg = Release|Win32
		{014D01CE-DDBC-DD11-8CB5-349A654BAC6F}.Release|Win32.Build.0 = Release|Win32
		{054C4B20-1A4C-EBAC-C7BC-79B604ACE202}.Release|x64.ActiveCfg = Release|x64
		{054C4B20-1A4C-EBAC-C7BC-79B604ACE202}.Release|x64.Build.0 = Release|x64
		{054C4B20-1A4C-EBAC-C7BC-79B604ACE202}.Debug|Win32.ActiveCfg = Debug|Win32
		{054C4B20-1A4C-EBAC-C7BC-79B604ACE202}.Debug|Win32.Build.0 = Debug|Win32
		{054C4B20-1A4C-EBAC-C7BC-79B604ACE202}.Debug|x64.ActiveCfg = Debug|x64
		{054C4B20-1A4C-EBAC-C7BC-79B604ACE202}.Debug|x64.Build.0 = Debug|x64
		{054C4B20-1A4C-EBAC-C7BC-79B604ACE202}.Release|Win32.ActiveCfg = Release|Win32
		{054C4B20-1A4C-EBAC-C7BC-79B604ACE202}.Release|Win32.Build.0 = Release|Win32
		{067CA4EF-BDBD-FB06-1DE3-CC1F08988F2F}.Release|x64.ActiveCfg = Release|x64
		{067CA4EF-BDBD-FB06-1DE3-CC1F08988F2F}.Release|x64.Build.0 = Release|x64
		{067CA4EF-BDBD-FB06-1DE3-CC1F08988F2F}.Debug|Win32.ActiveCfg = Debug|Win32
		{067CA4EF-BDBD-FB06-1DE3-CC1F08988F2F}.Debug|Win32.Build.0 = Debug|Win32
		{067CA4EF-BDBD-FB06-1DE3-CC1F08988F2F}.Debug|x64.ActiveCfg = Debug|x64
		{067CA4EF-BDBD-FB06-1DE3-CC1F08988F2F}.Debug|x64.Build.0 = Debug|x64
		{067CA4EF-BDBD-FB06-1DE3-CC1F08988F2F}.Release|Win32.ActiveCfg = Release|Win32
		{067CA4EF-BDBD-FB06-1DE3-CC1F08988F2F}.Release|Win32.Build.0 = Release|Win32
		{0D477CCF-7CF3-6D45-2F0B-F013D1E2D541}.Release|x64.ActiveCfg = Release|x64
		{0D477CCF-7CF3-6D45-2F0B-F013D1E2D541}.Release|x64.Build.0 = Release|x64
		{0D477CCF-7CF3-6D45-2F0B-F013D1E2D541}.Debug|Win32.ActiveCfg = Debug|Win32
		{0D477CCF-7CF3-6D45-2F0B-F013D1E2D541}.Debug|Win32.Build.0 = Debug|Win32
		{0D477CCF-7CF3-6D45-2F0B-F013D1E2D541}.Debug|x64.ActiveCfg = Debug|x64
		{0D477CCF-7CF3-6D45-2F0B-F013D1E2D541}.Debug|x64.Build.0 = Debug|x64
		{0D477CCF-7CF3-6D45-2F0B-F013D1E2D541}.Release|Win32.ActiveCfg = Release|Win32
		{0D477CCF-7CF3-6D45-2F0B-F013D1E2D541}.Release|Win32.Build.0 = Release|Win32
		{12ECC2BB-4C91-CB7D-0E40-D4A52E01EED0}.Release|x64.ActiveCfg = Release|x64
		{12ECC2BB-4C91-CB7D-0E40-D4A52E01EED0}.Release|x64.Build.0 = Release|x64
		{12ECC2BB-4C91-CB7D-0E40-D4A52E01EED0}.Debug|Win32.ActiveCfg = Debug|Win32
		{12ECC2BB-4C91-CB7D-0E40-D4A52E01EED0}.Debug|Win32.Build.0 = Debug|Win32
		{12ECC2BB-4C91-CB7D-0E40-D4A52E01EED0}.Debug|x64.ActiveCfg = Debug|x64
		{12ECC2BB-4C91-CB7D-0E40-D4A52E01EED0}.Debug|x64.Build.0 = Debug|x64
		{12ECC2BB-4C91-CB7D-0E40-D4A52E01EED0}.Release|Win32.ActiveCfg = Release|Win32
		{12ECC2BB-4C91-CB7D-0E40-D4A52E01EED0}.Release|Win32.Build.0 = Release|Win32
		{1497DACF-A6D1-9A72-6263-07958A0E7FAB}.Release|x64.ActiveCfg = Release|x64
		{1497DACF-A6D1-9A72-6263-07958A0E7FAB}.Release|x64.Build.0 = Release|x64
		{1497DACF-A6D1-9A72-6263-07958A0E7FAB}.Debug|Win32.ActiveCfg = Debug|Win32
		{1497DACF-A6D1-9A72-6263-07958A0E7FAB}.Debug|Win32.Build.0 = Debug|Win32
		{1497DACF-A6D1-9A72-6263-07958A0E7FAB}.Debug|x64.ActiveCfg = Debug|x64
		{1497DACF-A6D1-9A72-6263-07958A0E7FAB}.Debug|x64.Build.0 = Debug|x64
		{1497DACF-A6D1-9A72-6263-07958A0E7FAB}.Release|Win32.ActiveCfg = Release|Win32
		{1497DACF-A6D1-9A72-6263-07958A0E7FAB}.Release|Win32.Build.0 = Release|Win32
		{163BA5BF-B5D3-8C1C-0521-3A0D0B626094}.Release|x64.ActiveCfg = Release|x64
		{163BA5BF-B5D3-8C1C-0521-3A0D0B626094}.Release|x64.Build.0 = Release|x64
		{163BA5BF-B5D3-8C1C-0521-3A0D0B626094}.Debug|Win32.ActiveCfg = Debug|Win32
		{163BA5BF-B5D3-8C1C-0521-3A0D0B626094}.Debug|Win32.Build.0 = Debug|Win32
		{163BA5BF-B5D3-8C1C-0521-3A0D0B626094}.Debug|x64.ActiveCfg = Debug|x64
		{163BA5BF-B5D3-8C1C-0521-3A0D0B626094}.Debug|x64.Build.0 = Debug|x64
		{163BA5BF-B5D3-8C1C-0521-3A0D0B626094}.Release|Win32.ActiveCfg = Release|Win32
		{163BA5BF-B5D3-8C1C-0521-3A0D0B626094}.Release|Win32.Build.0 = Release|Win32
		{2873515D-13D0-B445-03D3-F34EC0855EDC}.Release|x64.ActiveCfg = Release|x64
		{2873515D-13D0-B445-03D3-F34EC0855EDC}.Release|x64.Build.0 = Release|x64
		{2873515D-13D0-B445-03D3-F34EC0855EDC}.Debug|Win32.ActiveCfg = Debug|Win32
		{2873515D-13D0-B445-03D3-F34EC0855EDC}.Debug|Win32.Build.0 = Debug|Win32
		{2873515D-13D0-B445-03D3-F34EC0855EDC}.Debug|x64.ActiveCfg = Debug|x64
		{2873515D-13D0-B445-03D3-F34EC0855EDC}.Debug|x64.Build.0 = Debug|x64
		{2873515D-13D0-B445-03D3-F34EC0855EDC}.Release|Win32.ActiveCfg = Release|Win32
		{2873515D-13D0-B445-03D3-F34EC0855EDC}.Release|Win32.Build.0 = Release|Win32
		{2F5737E7-19CB-25F0-132F-0B0E7EA5FAF0}.Release|x64.ActiveCfg = Release|x64
		{2F5737E7-19CB-25F0-132F-0B0E7EA5FAF0}.Release|x64.Build.0 = Release|x64
		{2F5737E7-19CB-25F0-132F-0B0E7EA5FAF0}.Debug|Win32.ActiveCfg = Debug|Win32
		{2F5737E7-19CB-25F0-132F-0B0E7EA5FAF0}.Debug|Win32.Build.0 = Debug|Win32
		{2F5737E7-19CB-25F0-132F-0B0E7EA5FAF0}.Debug|x64.ActiveCfg = Debug|x64
		{2F5737E7-19CB-25F0-132F-0B0E7EA5FAF0}.Debug|x64.Build.0 = Debug|x64
		{2F5737E7-19CB-25F0-132F-0B0E7EA5FAF0}.Release|Win32.ActiveCfg = Release|Win32
		{2F5737E7-19CB-25F0-132F-0B0E7EA5FAF0}.Release|Win32.Build.0 = Release|Win32
		{325BCF79-486B-9222-B5C2-3BEA0D4BC332}.Release|x64.ActiveCfg = Release|x64
		{325BCF79-486B-9222-B5C2-3BEA0D4BC332}.Release|x64.Build.0 = Release|x64
		{325BCF79-486B-9222-B5C2-3BEA0D4BC332}.Debug|Win32.ActiveCfg = Debug|Win32
		{325BCF79-486B-9222-B5C2-3BEA0D4BC332}.Debug|Win32.Build.0 = Debug|Win32
		{325BCF79-486B-9222-B5C2-3BEA0D4BC332}.Debug|x64.ActiveCfg = Debug|x64
		{325BCF79-486B-9222-B5C2-3BEA0D4BC332}.Debug|x64.Build.0 = Debug|x64
		{325BCF79-486B-9222-B5C2-3BEA0D4BC332}.Release|Win32.ActiveCfg = Release|Win32
		{325BCF79-486B-9222-B5C2-3BEA0D4BC332}.Release|Win32.Build.0 = Release|Win32
		{52BE7053-DF6D-C8A6-F190-714918198356}.Release|x64.ActiveCfg = Release|x64
		{52BE7053-DF6D-C8A6-F190-714918198356}.Release|x64.Build.0 = Release|x64
		{52BE7053-DF6D-C8A6-F190-714918198356}.Debug|Win32.ActiveCfg = Debug|Win32
		{52BE7053-DF6D-C8A6-F190-714918198356}.Debug|Win32.Build.0 = Debug|Win32
		{52BE7053-DF6D-C8A6-F190-714918198356}.Debug|x64.ActiveCfg = Debug|x64
		{52BE7053-DF6D-C8A6-F190-714918198356}.Debug|x64.Build.0 = Debug|x64
		{52BE7053-DF6D-C8A6-F190-714918198356}.Release|Win32.ActiveCfg = Release|Win32
		{52BE7053-DF6D-C8A6-F190-714918198356}.Release|Win32.Build.0 = Release|Win32
		{5654B055-7129-80B8-C278-45A14AF2D068}.Release|x64.ActiveCfg = Release|x64
		{5654B055-7129-80B8-C278-45A14AF2D068}.Release|x64.Build.0 = Release|x64
		{5654B055-7129-80B8-C278-45A14AF2D068}.Debug|Win32.ActiveCfg = Debug|Win32
		{5654B055-7129-80B8-C278-45A14AF2D068}.Debug|Win32.Build.0 = Debug|Win32
		{5654B055-7129-80B8-C278-45A14AF2D068}.Debug|x64.ActiveCfg = Debug|x64
		{5654B055-7129-80B8-C278-45A14AF2D068}.Debug|x64.Build.0 = Debug|x64
		{5654B055-7129-80B8-C278-45A14AF2D068}.Release|Win32.ActiveCfg = Release|Win32
		{5654B055-7129-80B8-C278-45A14AF2D068}.Release|Win32.Build.0 = Release|Win32
		{5A859A85-241E-E94C-2E4D-49B17B181DBF}.Release|x64.ActiveCfg = Release|x64
		{5A859A85-241E-E94C-2E4D-49B17B181DBF}.Release|x64.Build.0 = Release|x64
		{5A859A85-241E-E94C-2E4D-49B17B181DBF}.Debug|Win32.ActiveCfg = Debug|Win32
		{5A859A85-241E-E94C-2E4D-49B17B181DBF}.Debug|Win32.Build.0 = Debug|Win32
		{5A859A85-241E-E94C-2E4D-49B17B181DBF}.Debug|x64.ActiveCfg = Debug|x64
		{5A859A85-241E-E94C-2E4D-49B17B181DBF}.Debug|x64.Build.0 = Debug|x64
		{5A859A85-241E-E94C-2E4D-49B17B181DBF}.Release|Win32.ActiveCfg = Release|Win32
		{5A859A85-241E-E94C-2E4D-49B17B181DBF}.Release|Win32.Build.0 = Release|Win32
		{6242F6CF-2D89-0F64-8978-D6F49F2E6C57}.Release|x64.ActiveCfg = Release|x64
		{6242F6CF-2D89-0F64-8978-D6F49F2E6C57}.Release|x64.Build.0 = Release|x64
		{6242F6CF-2D89-0F64-8978-D6F49F2E6C57}.Debug|Win32.ActiveCfg = Debug|Win32
		{6242F6CF-2D89-0F64-8978-D6F49F2E6C57}.Debug|Win32.Build.0 = Debug|Win32
		{6242F6CF-2D89-0F64-8978-D6F49F2E6C57}.Debug|x64.ActiveCfg = Debug|x64
		{6242F6CF-2D89-0F64-8978-D6F49F2E6C57}.Debug|x64.Build.0 = Debug|x64
		{6242F6CF-2D89-0F64-8978-D6F49F2E6C57}.Release|Win32.ActiveCfg = Release|Win32
		{6242F6CF-2D89-0F64-8978-D6F49F2E6C57}.Release|Win32.Build.0 = Release|Win32
		{6A8D6AF7-B2B1-C40F-B88B-FD40DD263528}.Release|x64.ActiveCfg = Release|x64
		{6A8D6AF7-B2B1-C40F-B88B-FD40DD263528}.Release|x64.Build.0 = Release|x64
		{6A8D6AF7-B2B1-C40F-B88B-FD40DD263528}.Debug|Win32.ActiveCfg = Debug|Win32
		{6A8D6AF7-B2B1-C40F-B88B-FD40DD263528}.Debug|Win32.Build.0 = Debug|Win32
		{6A8D6AF7-B2B1-C40F-B88B-FD40DD263528}.Debug|x64.ActiveCfg = Debug|x64
		{6A8D6AF7-B2B1-C40F-B88B-FD40DD263528}.Debug|x64.Build.0 = Debug|x64
		{6A8D6AF7-B2B1-C40F-B88B-FD40DD263528}.Release|Win32.ActiveCfg = Release|Win32
		{6A8D6AF7-B2B1-C40F-B88B-FD40DD263528}.Release|Win32.Build.0 = Release|Win32
		{6AD5920C-DC22-5DC3-DF1A-C5986AE90894}.Release|x64.ActiveCfg = Release|x64
		{6AD5920C-DC22-5DC3-DF1A-C5986AE90894}.Release|x64.Build.0 = Release|x64
		{6AD5920C-DC22-5DC3-DF1A-C5986AE90894}.Debug|Win32.ActiveCfg = Debug|Win32
		{6AD5920C-DC22-5DC3-DF1A-C5986AE90894}.Debug|Win32.Build.0 = Debug|Win32
		{6AD5920C-DC22-5DC3-DF1A-C5986AE90894}.Debug|x64.ActiveCfg = Debug|x64
		{6AD5920C-DC22-5DC3-DF1A-C5986AE90894}.Debug|x64.Build.0 = Debug|x64
		{6AD5920C-DC22-5DC3-DF1A-C5986AE90894}.Release|Win32.ActiveCfg = Release|Win32
		{6AD5920C-DC22-5DC3-DF1A-C5986AE90894}.Release|Win32.Build.0 = Release|Win32
		{6B69947E-F2CA-D46D-3157-2F6394EC52A2}.Release|x64.ActiveCfg = Release|x64
		{6B69947E-F2CA-D46D-3157-2F6394EC52A2}.Release|x64.Build.0 = Release|x64
		{6B69947E-F2CA-D46D-3157-2F6394EC52A2}.Debug|Win32.ActiveCfg = Debug|Win32
		{6B69947E-F2CA-D46D-3157-2F6394EC52A2}.Debug|Win32.Build.0 = Debug|Win32
		{6B69947E-F2CA-D46D-3157-2F6394EC52A2}.Debug|x64.ActiveCfg = Debug|x64
		{6B69947E-F2CA-D46D-3157-2F6394EC52A2}.Debug|x64.Build.0 = Debug|x64
		{6B69947E-F2CA-D46D-3157-2F6394EC52A2}.Release|Win32.ActiveCfg = Release|Win32
		{6B69947E-F2CA-D46D-3157-2F6394EC52A2}.Release|Win32.Build.0 = Release|Win32
		{7287A98E-6E55-5295-2821-8C6887B48E6C}.Release|x64.ActiveCfg = Release|x64
		{7287A98E-6E55-5295-2821-8C6887B48E6C}.Release|x64.Build.0 = Release|x64
		{7287A98E-6E55-5295-2821-8C6887B48E6C}.Debug|Win32.ActiveCfg = Debug|Win32
		{7287A98E-6E55-5295-2821-8C6887B48E6C}.Debug|Win32.Build.0 = Debug|Win32
		{7287A98E-6E55-5295-2821-8C6887B48E6C}.Debug|x64.ActiveCfg = Debug|x64
		{7287A98E-6E55-5295-2821-8C6887B48E6C}.Debug|x64.Build.0 = Debug|x64
		{7287A98E-6E55-5295-2821-8C6887B48E6C}.Release|Win32.ActiveCfg = Release|Win32
		{7287A98E-6E55-5295-2821-8C6887B48E6C}.Release|Win32.Build.0 = Release|Win32
		{75501252-FA9C-49F6-B0CD-B60709782AEC}.Release|x64.ActiveCfg = Release|x64
		{75501252-FA9C-49F6-B0CD-B60709782AEC}.Release|x64.Build.0 = Release|x64
		{75501252-FA9C-49F6-B0CD-B60709782AEC}.Debug|Win32.ActiveCfg = Debug|Win32
		{75501252-FA9C-49F6-B0CD-B60709782AEC}.Debug|Win32.Build.0 = Debug|Win32
		{75501252-FA9C-49F6-B0CD-B60709782AEC}.Debug|x64.ActiveCfg = Debug|x64
		{75501252-FA9C-49F6-B0CD-B60709782AEC}.Debug|x64.Build.0 = Debug|x64
		{75501252-FA9C-49F6-B0CD-B60709782AEC}.Release|Win32.ActiveCfg = Release|Win32
		{75501252-FA9C-49F6-B0CD-B60709782AEC}.Release|Win32.Build.0 = Release|Win32
		{7A4A1C8D-9AC0-875C-726B-1412076A1FE3}.Release|x64.ActiveCfg = Release|x64
		{7A4A1C8D-9AC0-875C-726B-1412076A1FE3}.Release|x64.Build.0 = Release|x64
		{7A4A1C8D-9AC0-875C-726B-1412076A1FE3}.Debug|Win32.ActiveCfg = Debug|Win32
		{7A4A1C8D-9AC0-875C-726B-1412076A1FE3}.Debug|Win32.Build.0 = Debug|Win32
		{7A4A1C8D-9AC0-875C-726B-1412076A1FE3}.Debug|x64.ActiveCfg = Debug|x64
		{7A4A1C8D-9AC0-875C-726B-1412076A1FE3}.Debug|x64.Build.0 = Debug|x64
		{7A4A1C8D-9AC0-875C-726B-1412076A1FE3}.Release|Win32.ActiveCfg = Release|Win32
		{7A4A1C8D-9AC0-875C-726B-1412076A1FE3}.Release|Win32.Build.0 = Release|Win32
		{7F6117C8-833B-A72A-4D67-847ABEBA0F44}.Release|x64.ActiveCfg = Release|x64
		{7F6117C8-833B-A72A-4D67-847ABEBA0F44}.Release|x64.Build.0 = Release|x64
		{7F6117C8-833B-A72A-4D67-847ABEBA0F44}.Debug|Win32.ActiveCfg = Debug|Win32
		{7F6117C8-833B-A72A-4D67-847ABEBA0F44}.Debug|Win32.Build.0 = Debug|Win32
		{7F6117C8-833B-A72A-4D67-847ABEBA0F44}.Debug|x64.ActiveCfg = Debug|x64
		{7F6117C8-833B-A72A-4D67-847ABEBA0F44}.Debug|x64.Build.0 = Debug|x64
		{7F6117C8-833B-A72A-4D67-847ABEBA0F44}.Release|Win32.ActiveCfg = Release|Win32
		{7F6117C8-833B-A72A-4D67-847ABEBA0F44}.Release|Win32.Build.0 = Release|Win32
		{98B4000C-7984-E0EA-61A9-6A61EA38A144}.Release|x64.ActiveCfg = Release|x64
		{98B4000C-7984-E0EA-61A9-6A61EA38A144}.Release|x64.Build.0 = Release|x64
		{98B4000C-7984-E0EA-61A9-6A61EA38A144}.Debug|Win32.ActiveCfg = Debug|Win32
		{98B4000C-7984-E0EA-61A9-6A61EA38A144}.Debug|Win32.Build.0 = Debug|Win32
		{98B4000C-7984-E0EA-61A9-6A61EA38A144}.Debug|x64.ActiveCfg = Debug|x64
		{98B4000C-7984-E0EA-61A9-6A61EA38A144}.Debug|x64.Build.0 = Debug|x64
		{98B4000C-7984-E0EA-61A9-6A61EA38A144}.Release|Win32.ActiveCfg = Release|Win32
		{98B4000C-7984-E0EA-61A9-6A61EA38A144}.Release|Win32.Build.0 = Release|Win32
		{9C6753A6-7E5B-AA0A-8077-4D2BE489BC0D}.Release|x64.ActiveCfg = Release|x64
		{9C6753A6-7E5B-AA0A-8077-4D2BE489BC0D}.Release|x64.Build.0 = Release|x64
		{9C6753A6-7E5B-AA0A-8077-4D2BE489BC0D}.Debug|Win32.ActiveCfg = Debug|Win32
		{9C6753A6-7E5B-AA0A-8077-4D2BE489BC0D}.Debug|Win32.Build.0 = Debug|Win32
		{9C6753A6-7E5B-AA0A-8077-4D2BE489BC0D}.Debug|x64.ActiveCfg = Debug|x64
		{9C6753A6-7E5B-AA0A-8077-4D2BE489BC0D}.Debug|x64.Build.0 = Debug|x64
		{9C6753A6-7E5B-AA0A-8077-4D2BE489BC0D}.Release|Win32.ActiveCfg = Release|Win32
		{9C6753A6-7E5B-AA0A-8077-4D2BE489BC0D}.Release|Win32.Build.0 = Release|Win32
		{A273C556-94D2-BBC0-FD21-E07FFD8DF1B1}.Release|x64.ActiveCfg = Release|x64
		{A273C556-94D2-BBC0-FD21-E07FFD8DF1B1}.Release|x64.Build.0 = Release|x64
		{A273C556-94D2-BBC0-FD21-E07FFD8DF1B1}.Debug|Win32.ActiveCfg = Debug|Win32
		{A273C556-94D2-BBC0-FD21-E07FFD8DF1B1}.Debug|Win32.Build.0 = Debug|Win32
		{A273C556-94D2-BBC0-FD21-E07FFD8DF1B1}.Debug|x64.ActiveCfg = Debug|x64
		{A273C556-94D2-BBC0-FD21-E07FFD8DF1B1}.Debug|x64.Build.0 = Debug|x64
		{A273C556-94D2-BBC0-FD21-E07FFD8DF1B1}.Release|Win32.ActiveCfg = Release|Win32
		{A273C556-94D2-BBC0-FD21-E07FFD8DF1B1}.Release|Win32.Build.0 = Release|Win32
		{AD852332-FFDE-596F-6B0E-17D6145A82C4}.Release|x64.ActiveCfg = Release|x64
		{AD852332-FFDE-596F-6B0E-17D6145A82C4}.Release|x64.Build.0 = Release|x64
		{AD852332-FFDE-596F-6B0E-17D6145A82C4}.Debug|Win32.ActiveCfg = Debug|Win32
		{AD852332-FFDE-596F-6B0E-17D6145A82C4}.Debug|Win32.Build.0 = Debug|Win32
		{AD852332-FFDE-596F-6B0E-17D6145A82C4}.Debug|x64.ActiveCfg = Debug|x64
		{AD852332-FFDE-596F-6B0E-17D6145A82C4}.Debug|x64.Build.0 = Debug|x64
		{AD852332-FFDE-596F-6B0E-17D6145A82C4}.Release|Win32.ActiveCfg = Release|Win32
		{AD852332-FFDE-596F-6B0E-17D6145A82C4}.Release|Win32.Build.0 = Release|Win32
		{B7B73F46-D50B-63C5-0DBD-E1DCBE7E3799}.Release|x64.ActiveCfg = Release|x64
		{B7B73F46-D50B-63C5-0DBD-E1DCBE7E3799}.Release|x64.Build.0 = Release|x64
		{B7B73F46-D50B-63C5-0DBD-E1DCBE7E3799}.Debug|Win32.ActiveCfg = Debug|Win32
		{B7B73F46-D50B-63C5-0DBD-E1DCBE7E3799}.Debug|Win32.Build.0 = Debug|Win32
		{B7B73F46-D50B-63C5-0DBD-E1DCBE7E3799}.Debug|x64.ActiveCfg = Debug|x64
		{B7B73F46-D50B-63C5-0DBD-E1DCBE7E3799}.Debug|x64.Build.0 = Debug|x64
		{B7B73F46-D50B-63C5-0DBD-E1DCBE7E3799}.Release|Win32.ActiveCfg = Release|Win32
		{B7B73F46-D50B-63C5-0DBD-E1DCBE7E3799}.Release|Win32.Build.0 = Release|Win32
		{B986ACB3-7DE6-C3C0-8194-D403B57F1DF9}.Release|x64.ActiveCfg = Release|x64
		{B986ACB3-7DE6-C3C0-8194-D403B57F1DF9}.Release|x64.Build.0 = Release|x64
		{B986ACB3-7DE6-C3C0-8194-D403B57F1DF9}.Debug|Win32.ActiveCfg = Debug|Win32
		{B986ACB3-7DE6-C3C0-8194-D403B57F1DF9}.Debug|Win32.Build.0 = Debug|Win32
		{B986ACB3-7DE6-C3C0-8194-D403B57F1DF9}.Debug|x64.ActiveCfg = Debug|x64
		{B986ACB3-7DE6-C3C0-8194-D403B57F1DF9}.Debug|x64.Build.0 = Debug|x64
		{B986ACB3-7DE6-C3C0-8194-D403B57F1DF9}.Release|Win32.ActiveCfg = Release|Win32
		{B986ACB3-7DE6-C3C0-8194-D403B57F1DF9}.Release|Win32.Build.0 = Release|Win32
		{BFA28568-52C3-E264-95BD-51F806E3D834}.Release|x64.ActiveCfg = Release|x64
		{BFA28568-52C3-E264-95BD-51F806E3D834}.Release|x64.Build.0 = Release|x64
		{BFA28568-52C3-E264-95BD-51F806E3D834}.Debug|Win32.ActiveCfg = Debug|Win32
		{BFA28568-52C3-E264-95BD-51F806E3D834}.Debug|Win32.Build.0 = Debug|Win32
		{BFA28568-52C3-E264-95BD-51F806E3D834}.Debug|x64.ActiveCfg = Debug|x64
		{BFA28568-52C3-E264-95BD-51F806E3D834}.Debug|x64.Build.0 = Debug|x64
		{BFA28568-52C3-E264-95BD-51F806E3D834}.Release|Win32.ActiveCfg = Release|Win32
		{BFA28568-52C3-E264-95BD-51F806E3D834}.Release|Win32.Build.0 = Release|Win32
		{C6C97D08-B985-291F-CE70-54A0BCAC7D74}.Release|x64.ActiveCfg = Release|x64
		{C6C97D08-B985-291F-CE70-54A0BCAC7D74}.Release|x64.Build.0 = Release|x64
		{C6C97D08-B985-291F-CE70-54A0BCAC7D74}.Debug|Win32.ActiveCfg = Debug|Win32
		{C6C97D08-B985-291F-CE70-54A0BCAC7D74}.Debug|Win32.Build.0 = Debug|Win32
		{C6C97D08-B985-291F-CE70-54A0BCAC7D74}.Debug|x64.ActiveCfg = Debug|x64
		{C6C97D08-B985-291F-CE70-54A0BCAC7D74}.Debug|x64.Build.0 = Debug|x64
		{C6C97D08-B985-291F-CE70-54A0BCAC7D74}.Release|Win32.ActiveCfg = Release|Win32
		{C6C97D08-B985-291F-CE70-54A0BCAC7D74}.Release|Win32.Build.0 = Release|Win32
		{C7D0B7F9-212A-3B7B-1FC7-4F27AB9A54A0}.Release|x64.ActiveCfg = Release|x64
		{C7D0B7F9-212A-3B7B-1FC7-4F27AB9A54A0}.Release|x64.Build.0 = Release|x64
		{C7D0B7F9-212A-3B7B-1FC7-4F27AB9A54A0}.Debug|Win32.ActiveCfg = Debug|Win32
		{C7D0B7F9-212A-3B7B-1FC7-4F27AB9A54A0}.Debug|Win32.Build.0 = Debug|Win32
		{C7D0B7F9-212A-3B7B-1FC7-4F27AB9A54A0}.Debug|x64.ActiveCfg = Debug|x64
		{C7D0B7F9-212A-3B7B-1FC7-4F27AB9A54A0}.Debug|x64.Build.0 = Debug|x64
		{C7D0B7F9-212A-3B7B-1FC7-4F27AB9A54A0}.Release|Win32.ActiveCfg = Release|Win32
		{C7D0B7F9-212A-3B7B-1FC7-4F27AB9A54A0}.Release|Win32.Build.0 = Release|Win32
		{C962EB33-30A5-593B-9FD2-2571D2C14A4C}.Release|x64.ActiveCfg = Release|x64
		{C962EB33-30A5-593B-9FD2-2571D2C14A4C}.Release|x64.Build.0 = Release|x64
		{C962EB33-30A5-593B-9FD2-2571D2C14A4C}.Debug|Win32.ActiveCfg = Debug|Win32
		{C962EB33-30A5-593B-9FD2-2571D2C14A4C}.Debug|Win32.Build.0 = Debug|Win32
		{C962EB33-30A5-593B-9FD2-2571D2C14A4C}.Debug|x64.ActiveCfg = Debug|x64
		{C962EB33-30A5-593B-9FD2-2571D2C14A4C}.Debug|x64.Build.0 = Debug|x64
		{C962EB33-30A5-593B-9FD2-2571D2C14A4C}.Release|Win32.ActiveCfg = Release|Win32
		{C962EB33-30A5-593B-9FD2-2571D2C14A4C}.Release|Win32.Build.0 = Release|Win32
		{CD97A68A-3E8B-9125-D730-C118D05D36CC}.Release|x64.ActiveCfg = Release|x64
		{CD97A68A-3E8B-9125-D730-C118D05D36CC}.Release|x64.Build.0 = Release|x64
		{CD97A68A-3E8B-9125-D730-C118D05D36CC}.Debug|Win32.ActiveCfg = Debug|Win32
		{CD97A68A-3E8B-9125-D730-C118D05D36CC}.Debug|Win32.Build.0 = Debug|Win32
		{CD97A68A-3E8B-9125-D730-C118D05D36CC}.Debug|x64.ActiveCfg = Debug|x64
		{CD97A68A-3E8B-9125-D730-C118D05D36CC}.Debug|x64.Build.0 = Debug|x64
		{CD97A68A-3E8B-9125-D730-C118D05D36CC}.Release|Win32.ActiveCfg = Release|Win32
		{CD97A68A-3E8B-9125-D730-C118D05D36CC}.Release|Win32.Build.0 = Release|Win32
		{CE4FB358-6791-90C3-3A0C-FB694C2429B8}.Release|x64.ActiveCfg = Release|x64
		{CE4FB358-6791-90C3-3A0C-FB694C2429B8}.Release|x64.Build.0 = Release|x64
		{CE4FB358-6791-90C3-3A0C-FB694C2429B8}.Debug|Win32.ActiveCfg = Debug|Win32
		{CE4FB358-6791-90C3-3A0C-FB694C2429B8}.Debug|Win32.Build.0 = Debug|Win32
		{CE4FB358-6791-90C3-3A0C-FB694C2429B8}.Debug|x64.ActiveCfg = Debug|x64
		{CE4FB358-6791-90C3-3A0C-FB694C2429B8}.Debug|x64.Build.0 = Debug|x64
		{CE4FB358-6791-90C3-3A0C-FB694C2429B8}.Release|Win32.ActiveCfg = Release|Win32
		{CE4FB358-6791-90C3-3A0C-FB694C2429B8}.Release|Win32.Build.0 = Release|Win32
		{CEF77F74-8EAC-1444-EDD8-34E59231C529}.Release|x64.ActiveCfg = Release|x64
		{CEF77F74-8EAC-1444-EDD8-34E59231C529}.Release|x64.Build.0 = Release|x64
		{CEF77F74-8EAC-1444-EDD8-34E59231C529}.Debug|Win32.ActiveCfg = Debug|Win32
		{CEF77F74-8EAC-1444-EDD8-34E59231C529}.Debug|Win32.Build.0 = Debug|Win32
		{CEF77F74-8EAC-1444-EDD8-34E59231C529}.Debug|x64.ActiveCfg = Debug|x64
		{CEF77F74-8EAC-1444-EDD8-34E59231C529}.Debug|x64.Build.0 = Debug|x64
		{CEF77F74-8EAC-1444-EDD8-34E59231C529}.Release|Win32.ActiveCfg = Release|Win32
		{CEF77F74-8EAC-1444-EDD8-34E59231C529}.Release|Win32.Build.0 = Release|Win32
		{D2499E30-D71E-00C9-83C0-64174ACD3C24}.Release|x64.ActiveCfg = Release|x64
		{D2499E30-D71E-00C9-83C0-64174ACD3C24}.Release|x64.Build.0 = Release|x64
		{D2499E30-D71E-00C9-83C0-64174ACD3C24}.Debug|Win32.ActiveCfg = Debug|Win32
		{D2499E30-D71E-00C9-83C0-64174ACD3C24}.Debug|Win32.Build.0 = Debug|Win32
		{D2499E30-D71E-00C9-83C0-64174ACD3C24}.Debug|x64.ActiveCfg = Debug|x64
		{D2499E30-D71E-00C9-83C0-64174ACD3C24}.Debug|x64.Build.0 = Debug|x64
		{D2499E30-D71E-00C9-83C0-64174ACD3C24}.Release|Win32.ActiveCfg = Release|Win32
		{D2499E30-D71E-00C9-83C0-64174ACD3C24}.Release|Win32.Build.0 = Release|Win32
		{E1CA7047-1B25-E385-5F10-5E66EB200F62}.Release|x64.ActiveCfg = Release|x64
		{E1CA7047-1B25-E385-5F10-5E66EB200F62}.Release|x64.Build.0 = Release|x64
		{E1CA7047-1B25-E385-5F10-5E66EB200F62}.Debug|Win32.ActiveCfg = Debug|Win32
		{E1CA7047-1B25-E385-5F10-5E66EB200F62}.Debug|Win32.Build.0 = Debug|Win32
		{E1CA7047-1B25-E385-5F10-5E66EB200F62}.Debug|x64.ActiveCfg = Debug|x64
		{E1CA7047-1B25-E385-5F10-5E66EB200F62}.Debug|x64.Build.0 = Debug|x64
		{E1CA7047-1B25-E385-5F10-5E66EB200F62}.Release|Win32.ActiveCfg = Release|Win32
		{E1CA7047-1B25-E385-5F10-5E66EB200F62}.Release|Win32.Build.0 = Release|Win32
		{F0EDEA94-03F5-74CA-F6D2-B69084FCE4AB}.Release|x64.ActiveCfg = Release|x64
		{F0EDEA94-03F5-74CA-F6D2-B69084FCE4AB}.Release|x64.Build.0 = Release|x64
		{F0EDEA94-03F5-74CA-F6D2-B69084FCE4AB}.Debug|Win32.ActiveCfg = Debug|Win32
		{F0EDEA94-03F5-74CA-F6D2-B69084FCE4AB}.Debug|Win32.Build.0 = Debug|Win32
		{F0EDEA94-03F5-74CA-F6D2-B69084FCE4AB}.Debug|x64.ActiveCfg = Debug|x64
		{F0EDEA94-03F5-74CA-F6D2-B69084FCE4AB}.Debug|x64.Build.0 = Debug|x64
		{F0EDEA94-03F5-74CA-F6D2-B69084FCE4AB}.Release|Win32.ActiveCfg = Release|Win32
		{F0EDEA94-03F5-74CA-F6D2-B69084FCE4AB}.Release|Win32.Build.0 = Release|Win32
		{F5CCCCF6-5931-56C4-E656-5EBD4FF42DEC}.Release|x64.ActiveCfg = Release|x64
		{F5CCCCF6-5931-56C4-E656-5EBD4FF42DEC}.Release|x64.Build.0 = Release|x64
		{F5CCCCF6-5931-56C4-E656-5EBD4FF42DEC}.Debug|Win32.ActiveCfg = Debug|Win32
		{F5CCCCF6-5931-56C4-E656-5EBD4FF42DEC}.Debug|Win32.Build.0 = Debug|Win32
		{F5CCCCF6-5931-56C4-E656-5EBD4FF42DEC}.Debug|x64.ActiveCfg = Debug|x64
		{F5CCCCF6-5931-56C4-E656-5EBD4FF42DEC}.Debug|x64.Build.0 = Debug|x64
		{F5CCCCF6-5931-56C4-E656-5EBD4FF42DEC}.Release|Win32.ActiveCfg = Release|Win32
		{F5CCCCF6-5931-56C4-E656-5EBD4FF42DEC}.Release|Win32.Build.0 = Release|Win32
		{FAAD0D6B-5056-9301-A1E5-F5946C4BF48E}.Release|x64.ActiveCfg = Release|x64
		{FAAD0D6B-5056-9301-A1E5-F5946C4BF48E}.Release|x64.Build.0 = Release|x64
		{FAAD0D6B-5056-9301-A1E5-F5946C4BF48E}.Debug|Win32.ActiveCfg = Debug|Win32
		{FAAD0D6B-5056-9301-A1E5-F5946C4BF48E}.Debug|Win32.Build.0 = Debug|Win32
		{FAAD0D6B-5056-9301-A1E5-F5946C4BF48E}.Debug|x64.ActiveCfg = Debug|x64
		{FAAD0D6B-5056-9301-A1E5-F5946C4BF48E}.Debug|x64.Build.0 = Debug|x64
		{FAAD0D6B-5056-9301-A1E5-F5946C4BF48E}.Release|Win32.ActiveCfg = Release|Win32
		{FAAD0D6B-5056-9301-A1E5-F5946C4BF48E}.Release|Win32.Build.0 = Release|Win32
	EndGlobalSection
	GlobalSection(SolutionProperties) = preSolution
		HideSolutionNode = FALSE
	EndGlobalSection
	GlobalSection(NestedProjects) = preSolution
		{6C198C74-E01D-E691-B905-1C06C2153B0F} = {D5536B1B-0215-0B8D-2C6B-01AF474C999D}
		{D5536B1B-0215-0B8D-2C6B-01AF474C999D} = {7C6CDB29-38D7-8364-748C-AEAAD8CCFB36}
		{5A859A85-241E-E94C-2E4D-49B17B181DBF} = {2C701697-4BE8-6965-675E-7CB553888193}
		{C7F83F05-8335-05BC-FABC-52BB99106795} = {4D091BEB-A76B-E8AB-36FD-0A80BA9DE97D}
		{52BE7053-DF6D-C8A6-F190-714918198356} = {06359222-6683-F50A-BC25-0B34762ADBB5}
		{965C1E4D-1045-A824-9CE5-C38E74FAC418} = {05612B81-8C06-4D9F-2940-1F090A7AFEA6}
		{80248E9B-7B71-9446-F886-C0B5E1C0037E} = {05612B81-8C06-4D9F-2940-1F090A7AFEA6}
		{CEF77F74-8EAC-1444-EDD8-34E59231C529} = {CA127179-388A-5DFD-3EE4-9882FA1EF246}
		{C7D0B7F9-212A-3B7B-1FC7-4F27AB9A54A0} = {CA127179-388A-5DFD-3EE4-9882FA1EF246}
		{75501252-FA9C-49F6-B0CD-B60709782AEC} = {CA127179-388A-5DFD-3EE4-9882FA1EF246}
		{E1CA7047-1B25-E385-5F10-5E66EB200F62} = {CA127179-388A-5DFD-3EE4-9882FA1EF246}
		{325BCF79-486B-9222-B5C2-3BEA0D4BC332} = {CA127179-388A-5DFD-3EE4-9882FA1EF246}
		{6AD5920C-DC22-5DC3-DF1A-C5986AE90894} = {CA127179-388A-5DFD-3EE4-9882FA1EF246}
		{B7B73F46-D50B-63C5-0DBD-E1DCBE7E3799} = {CA127179-388A-5DFD-3EE4-9882FA1EF246}
		{6A8D6AF7-B2B1-C40F-B88B-FD40DD263528} = {CA127179-388A-5DFD-3EE4-9882FA1EF246}
		{9C6753A6-7E5B-AA0A-8077-4D2BE489BC0D} = {CA127179-388A-5DFD-3EE4-9882FA1EF246}
		{2F5737E7-19CB-25F0-132F-0B0E7EA5FAF0} = {CA127179-388A-5DFD-3EE4-9882FA1EF246}
		{7287A98E-6E55-5295-2821-8C6887B48E6C} = {61D22B61-259C-DDC3-1E7C-14653843C641}
		{05612B81-8C06-4D9F-2940-1F090A7AFEA6} = {E3A8CD23-337F-37A2-E567-55492FCA3791}
		{98B4000C-7984-E0EA-61A9-6A61EA38A144} = {E3A8CD23-337F-37A2-E567-55492FCA3791}
		{06359222-6683-F50A-BC25-0B34762ADBB5} = {B7ACE7CC-21A5-30B2-1077-36F3F6123CE7}
		{0D477CCF-7CF3-6D45-2F0B-F013D1E2D541} = {6C198C74-E01D-E691-B905-1C06C2153B0F}
		{CE4FB358-6791-90C3-3A0C-FB694C2429B8} = {6C198C74-E01D-E691-B905-1C06C2153B0F}
		{AD852332-FFDE-596F-6B0E-17D6145A82C4} = {6C198C74-E01D-E691-B905-1C06C2153B0F}
		{A273C556-94D2-BBC0-FD21-E07FFD8DF1B1} = {6C198C74-E01D-E691-B905-1C06C2153B0F}
		{014D01CE-DDBC-DD11-8CB5-349A654BAC6F} = {6C198C74-E01D-E691-B905-1C06C2153B0F}
		{6242F6CF-2D89-0F64-8978-D6F49F2E6C57} = {6C198C74-E01D-E691-B905-1C06C2153B0F}
		{12ECC2BB-4C91-CB7D-0E40-D4A52E01EED0} = {6C198C74-E01D-E691-B905-1C06C2153B0F}
		{CD97A68A-3E8B-9125-D730-C118D05D36CC} = {6C198C74-E01D-E691-B905-1C06C2153B0F}
		{C962EB33-30A5-593B-9FD2-2571D2C14A4C} = {6C198C74-E01D-E691-B905-1C06C2153B0F}
		{2873515D-13D0-B445-03D3-F34EC0855EDC} = {6C198C74-E01D-E691-B905-1C06C2153B0F}
		{C6C97D08-B985-291F-CE70-54A0BCAC7D74} = {6C198C74-E01D-E691-B905-1C06C2153B0F}
		{FAAD0D6B-5056-9301-A1E5-F5946C4BF48E} = {6C198C74-E01D-E691-B905-1C06C2153B0F}
		{BFA28568-52C3-E264-95BD-51F806E3D834} = {6C198C74-E01D-E691-B905-1C06C2153B0F}
		{F0EDEA94-03F5-74CA-F6D2-B69084FCE4AB} = {6C198C74-E01D-E691-B905-1C06C2153B0F}
		{B986ACB3-7DE6-C3C0-8194-D403B57F1DF9} = {6C198C74-E01D-E691-B905-1C06C2153B0F}
		{163BA5BF-B5D3-8C1C-0521-3A0D0B626094} = {6C198C74-E01D-E691-B905-1C06C2153B0F}
		{D2499E30-D71E-00C9-83C0-64174ACD3C24} = {965C1E4D-1045-A824-9CE5-C38E74FAC418}
		{1497DACF-A6D1-9A72-6263-07958A0E7FAB} = {96A8EC63-88DB-B85C-EEBC-43667C60DEB3}
		{F5CCCCF6-5931-56C4-E656-5EBD4FF42DEC} = {C7F83F05-8335-05BC-FABC-52BB99106795}
		{7C6CDB29-38D7-8364-748C-AEAAD8CCFB36} = {89C816A7-DD31-D54C-C69C-5A80E0C49B77}
		{A960A9F2-FB52-1F40-085E-BF04CC0213B0} = {89C816A7-DD31-D54C-C69C-5A80E0C49B77}
		{067CA4EF-BDBD-FB06-1DE3-CC1F08988F2F} = {A960A9F2-FB52-1F40-085E-BF04CC0213B0}
		{5654B055-7129-80B8-C278-45A14AF2D068} = {80248E9B-7B71-9446-F886-C0B5E1C0037E}
		{6B69947E-F2CA-D46D-3157-2F6394EC52A2} = {80248E9B-7B71-9446-F886-C0B5E1C0037E}
		{4D091BEB-A76B-E8AB-36FD-0A80BA9DE97D} = {644B7826-0417-C19E-B1ED-C0BF73289DEE}
		{7F6117C8-833B-A72A-4D67-847ABEBA0F44} = {644B7826-0417-C19E-B1ED-C0BF73289DEE}
		{054C4B20-1A4C-EBAC-C7BC-79B604ACE202} = {CD1E1B21-48E8-1ABE-48E1-89B2D4C456AB}
		{7A4A1C8D-9AC0-875C-726B-1412076A1FE3} = {CD1E1B21-48E8-1ABE-48E1-89B2D4C456AB}
	EndGlobalSection
EndGlobal
