<?xml version="1.0" encoding="utf-8"?>
<Project ToolsVersion="4.0" xmlns="http://schemas.microsoft.com/developer/msbuild/2003">
  <ItemGroup>
    <Filter Include="tools">
      <UniqueIdentifier>{A0946190-5491-4D66-7E51-19400E36F078}</UniqueIdentifier>
    </Filter>
    <Filter Include="tools\perf">
      <UniqueIdentifier>{DCC76964-1765-F8E2-269D-A6BF08B3C68E}</UniqueIdentifier>
    </Filter>
    <Filter Include="tools\perf\flush_cache">
      <UniqueIdentifier>{B4D7C2C0-11DA-66F9-31BD-294814F2C57A}</UniqueIdentifier>
    </Filter>
    <Filter Include="..">
      <UniqueIdentifier>{739DB09A-CC57-A953-A6CF-F64FA08E4FA7}</UniqueIdentifier>
    </Filter>
    <Filter Include="..\build">
      <UniqueIdentifier>{D5519164-BF26-36DA-740B-76CEFC1827F4}</UniqueIdentifier>
    </Filter>
  </ItemGroup>
  <ItemGroup>
    <None Include="chrome.gyp"/>
    <ClCompile Include="tools\perf\flush_cache\flush_cache.cc">
      <Filter>tools\perf\flush_cache</Filter>
    </ClCompile>
    <ClCompile Include="..\build\precompile.cc">
      <Filter>..\build</Filter>
    </ClCompile>
  </ItemGroup>
</Project>
