Microsoft Visual Studio Solution File, Format Version 11.00
# Visual Studio 2010
Project("{2150E333-8FDC-42A3-9474-1A3956D46DE8}") = "(gyp)", "..\..\..\..\v8\tools\gyp", "{7FAA885C-04CF-4C6B-16F0-E9F0B44641AF}"
EndProject
Project("{2150E333-8FDC-42A3-9474-1A3956D46DE8}") = "(icu)", "..\..\..\..\third_party\icu", "{2DE59335-96CE-10CA-CDE5-FEC35E3549BB}"
EndProject
Project("{2150E333-8FDC-42A3-9474-1A3956D46DE8}") = "(third_party)", "..\..\..\..\third_party", "{89C816A7-DD31-D54C-C69C-5A80E0C49B77}"
EndProject
Project("{2150E333-8FDC-42A3-9474-1A3956D46DE8}") = "(tools)", "..\..\..\..\v8\tools", "{E95778BD-E4AC-C3D0-84EF-83684E04593A}"
EndProject
Project("{2150E333-8FDC-42A3-9474-1A3956D46DE8}") = "(v8)", "..\..\..\..\v8", "{F3545621-A177-A1E7-26DB-108FF716F075}"
EndProject
Project("{8BC9CEB8-8B4A-11D0-8D11-00A0C91BC942}") = "icudata", "..\..\..\third_party\icu\icudata.vcxproj", "{1F2B4147-C8F1-7733-B338-19623B16BF57}"
EndProject
Project("{8BC9CEB8-8B4A-11D0-8D11-00A0C91BC942}") = "icui18n", "..\..\..\third_party\icu\icui18n.vcxproj", "{3C0F94F3-1201-6C0B-9DE0-882B60FBD7CC}"
EndProject
Project("{8BC9CEB8-8B4A-11D0-8D11-00A0C91BC942}") = "icuuc", "..\..\..\third_party\icu\icuuc.vcxproj", "{F62746A9-60F9-9E7A-2636-F64CE13D6A02}"
	ProjectSection(ProjectDependencies) = postProject
		{1F2B4147-C8F1-7733-B338-19623B16BF57} = {1F2B4147-C8F1-7733-B338-19623B16BF57}
	EndProjectSection
EndProject
Project("{8BC9CEB8-8B4A-11D0-8D11-00A0C91BC942}") = "js2c", "js2c.vcxproj", "{4F94ED64-77E3-D44C-B08F-EC59E9F6472F}"
EndProject
Project("{8BC9CEB8-8B4A-11D0-8D11-00A0C91BC942}") = "mksnapshot.ia32", "mksnapshot.ia32.vcxproj", "{C470D2EF-0051-FF0E-CF30-1307DE2CCA2C}"
	ProjectSection(ProjectDependencies) = postProject
		{D2FA744D-FE3E-440B-D812-8E8F446118B4} = {D2FA744D-FE3E-440B-D812-8E8F446118B4}
		{30943106-1390-5E9E-294F-51E69369DEF4} = {30943106-1390-5E9E-294F-51E69369DEF4}
		{3C0F94F3-1201-6C0B-9DE0-882B60FBD7CC} = {3C0F94F3-1201-6C0B-9DE0-882B60FBD7CC}
		{F62746A9-60F9-9E7A-2636-F64CE13D6A02} = {F62746A9-60F9-9E7A-2636-F64CE13D6A02}
		{1F2B4147-C8F1-7733-B338-19623B16BF57} = {1F2B4147-C8F1-7733-B338-19623B16BF57}
		{4F94ED64-77E3-D44C-B08F-EC59E9F6472F} = {4F94ED64-77E3-D44C-B08F-EC59E9F6472F}
	EndProjectSection
EndProject
Project("{8BC9CEB8-8B4A-11D0-8D11-00A0C91BC942}") = "postmortem-metadata", "postmortem-metadata.vcxproj", "{527AD930-D36D-6C94-6661-B89645930B37}"
EndProject
Project("{8BC9CEB8-8B4A-11D0-8D11-00A0C91BC942}") = "v8", "v8.vcxproj", "{DCEE98FE-06E8-C138-7252-8B34248A16B1}"
	ProjectSection(ProjectDependencies) = postProject
		{D2FA744D-FE3E-440B-D812-8E8F446118B4} = {D2FA744D-FE3E-440B-D812-8E8F446118B4}
		{084B38FC-4DF5-E97B-4EAF-77E326CF6C3F} = {084B38FC-4DF5-E97B-4EAF-77E326CF6C3F}
	EndProjectSection
EndProject
Project("{8BC9CEB8-8B4A-11D0-8D11-00A0C91BC942}") = "v8_base.ia32", "v8_base.ia32.vcxproj", "{D2FA744D-FE3E-440B-D812-8E8F446118B4}"
	ProjectSection(ProjectDependencies) = postProject
		{1F2B4147-C8F1-7733-B338-19623B16BF57} = {1F2B4147-C8F1-7733-B338-19623B16BF57}
	EndProjectSection
EndProject
Project("{8BC9CEB8-8B4A-11D0-8D11-00A0C91BC942}") = "v8_nosnapshot.ia32", "v8_nosnapshot.ia32.vcxproj", "{30943106-1390-5E9E-294F-51E69369DEF4}"
	ProjectSection(ProjectDependencies) = postProject
		{4F94ED64-77E3-D44C-B08F-EC59E9F6472F} = {4F94ED64-77E3-D44C-B08F-EC59E9F6472F}
	EndProjectSection
EndProject
Project("{8BC9CEB8-8B4A-11D0-8D11-00A0C91BC942}") = "v8_shell", "v8_shell.vcxproj", "{37730480-3A1F-37EA-F94B-9832AB290892}"
	ProjectSection(ProjectDependencies) = postProject
		{DCEE98FE-06E8-C138-7252-8B34248A16B1} = {DCEE98FE-06E8-C138-7252-8B34248A16B1}
		{D2FA744D-FE3E-440B-D812-8E8F446118B4} = {D2FA744D-FE3E-440B-D812-8E8F446118B4}
		{3C0F94F3-1201-6C0B-9DE0-882B60FBD7CC} = {3C0F94F3-1201-6C0B-9DE0-882B60FBD7CC}
		{F62746A9-60F9-9E7A-2636-F64CE13D6A02} = {F62746A9-60F9-9E7A-2636-F64CE13D6A02}
		{1F2B4147-C8F1-7733-B338-19623B16BF57} = {1F2B4147-C8F1-7733-B338-19623B16BF57}
		{084B38FC-4DF5-E97B-4EAF-77E326CF6C3F} = {084B38FC-4DF5-E97B-4EAF-77E326CF6C3F}
		{4F94ED64-77E3-D44C-B08F-EC59E9F6472F} = {4F94ED64-77E3-D44C-B08F-EC59E9F6472F}
	EndProjectSection
EndProject
Project("{8BC9CEB8-8B4A-11D0-8D11-00A0C91BC942}") = "v8_snapshot", "v8_snapshot.vcxproj", "{084B38FC-4DF5-E97B-4EAF-77E326CF6C3F}"
	ProjectSection(ProjectDependencies) = postProject
		{C470D2EF-0051-FF0E-CF30-1307DE2CCA2C} = {C470D2EF-0051-FF0E-CF30-1307DE2CCA2C}
		{4F94ED64-77E3-D44C-B08F-EC59E9F6472F} = {4F94ED64-77E3-D44C-B08F-EC59E9F6472F}
	EndProjectSection
EndProject
Global
	GlobalSection(SolutionConfigurationPlatforms) = preSolution
		Release|x64 = Release|x64
		Debug|Win32 = Debug|Win32
		Debug|x64 = Debug|x64
		Release|Win32 = Release|Win32
	EndGlobalSection
	GlobalSection(ProjectConfigurationPlatforms) = postSolution
		{084B38FC-4DF5-E97B-4EAF-77E326CF6C3F}.Release|x64.ActiveCfg = Release|x64
		{084B38FC-4DF5-E97B-4EAF-77E326CF6C3F}.Release|x64.Build.0 = Release|x64
		{084B38FC-4DF5-E97B-4EAF-77E326CF6C3F}.Debug|Win32.ActiveCfg = Debug|Win32
		{084B38FC-4DF5-E97B-4EAF-77E326CF6C3F}.Debug|Win32.Build.0 = Debug|Win32
		{084B38FC-4DF5-E97B-4EAF-77E326CF6C3F}.Debug|x64.ActiveCfg = Debug|x64
		{084B38FC-4DF5-E97B-4EAF-77E326CF6C3F}.Debug|x64.Build.0 = Debug|x64
		{084B38FC-4DF5-E97B-4EAF-77E326CF6C3F}.Release|Win32.ActiveCfg = Release|Win32
		{084B38FC-4DF5-E97B-4EAF-77E326CF6C3F}.Release|Win32.Build.0 = Release|Win32
		{1F2B4147-C8F1-7733-B338-19623B16BF57}.Release|x64.ActiveCfg = Release|x64
		{1F2B4147-C8F1-7733-B338-19623B16BF57}.Release|x64.Build.0 = Release|x64
		{1F2B4147-C8F1-7733-B338-19623B16BF57}.Debug|Win32.ActiveCfg = Debug|Win32
		{1F2B4147-C8F1-7733-B338-19623B16BF57}.Debug|Win32.Build.0 = Debug|Win32
		{1F2B4147-C8F1-7733-B338-19623B16BF57}.Debug|x64.ActiveCfg = Debug|x64
		{1F2B4147-C8F1-7733-B338-19623B16BF57}.Debug|x64.Build.0 = Debug|x64
		{1F2B4147-C8F1-7733-B338-19623B16BF57}.Release|Win32.ActiveCfg = Release|Win32
		{1F2B4147-C8F1-7733-B338-19623B16BF57}.Release|Win32.Build.0 = Release|Win32
		{30943106-1390-5E9E-294F-51E69369DEF4}.Release|x64.ActiveCfg = Release|x64
		{30943106-1390-5E9E-294F-51E69369DEF4}.Release|x64.Build.0 = Release|x64
		{30943106-1390-5E9E-294F-51E69369DEF4}.Debug|Win32.ActiveCfg = Debug|Win32
		{30943106-1390-5E9E-294F-51E69369DEF4}.Debug|Win32.Build.0 = Debug|Win32
		{30943106-1390-5E9E-294F-51E69369DEF4}.Debug|x64.ActiveCfg = Debug|x64
		{30943106-1390-5E9E-294F-51E69369DEF4}.Debug|x64.Build.0 = Debug|x64
		{30943106-1390-5E9E-294F-51E69369DEF4}.Release|Win32.ActiveCfg = Release|Win32
		{30943106-1390-5E9E-294F-51E69369DEF4}.Release|Win32.Build.0 = Release|Win32
		{37730480-3A1F-37EA-F94B-9832AB290892}.Release|x64.ActiveCfg = Release|x64
		{37730480-3A1F-37EA-F94B-9832AB290892}.Release|x64.Build.0 = Release|x64
		{37730480-3A1F-37EA-F94B-9832AB290892}.Debug|Win32.ActiveCfg = Debug|Win32
		{37730480-3A1F-37EA-F94B-9832AB290892}.Debug|Win32.Build.0 = Debug|Win32
		{37730480-3A1F-37EA-F94B-9832AB290892}.Debug|x64.ActiveCfg = Debug|x64
		{37730480-3A1F-37EA-F94B-9832AB290892}.Debug|x64.Build.0 = Debug|x64
		{37730480-3A1F-37EA-F94B-9832AB290892}.Release|Win32.ActiveCfg = Release|Win32
		{37730480-3A1F-37EA-F94B-9832AB290892}.Release|Win32.Build.0 = Release|Win32
		{3C0F94F3-1201-6C0B-9DE0-882B60FBD7CC}.Release|x64.ActiveCfg = Release|x64
		{3C0F94F3-1201-6C0B-9DE0-882B60FBD7CC}.Release|x64.Build.0 = Release|x64
		{3C0F94F3-1201-6C0B-9DE0-882B60FBD7CC}.Debug|Win32.ActiveCfg = Debug|Win32
		{3C0F94F3-1201-6C0B-9DE0-882B60FBD7CC}.Debug|Win32.Build.0 = Debug|Win32
		{3C0F94F3-1201-6C0B-9DE0-882B60FBD7CC}.Debug|x64.ActiveCfg = Debug|x64
		{3C0F94F3-1201-6C0B-9DE0-882B60FBD7CC}.Debug|x64.Build.0 = Debug|x64
		{3C0F94F3-1201-6C0B-9DE0-882B60FBD7CC}.Release|Win32.ActiveCfg = Release|Win32
		{3C0F94F3-1201-6C0B-9DE0-882B60FBD7CC}.Release|Win32.Build.0 = Release|Win32
		{4F94ED64-77E3-D44C-B08F-EC59E9F6472F}.Release|x64.ActiveCfg = Release|x64
		{4F94ED64-77E3-D44C-B08F-EC59E9F6472F}.Release|x64.Build.0 = Release|x64
		{4F94ED64-77E3-D44C-B08F-EC59E9F6472F}.Debug|Win32.ActiveCfg = Debug|Win32
		{4F94ED64-77E3-D44C-B08F-EC59E9F6472F}.Debug|Win32.Build.0 = Debug|Win32
		{4F94ED64-77E3-D44C-B08F-EC59E9F6472F}.Debug|x64.ActiveCfg = Debug|x64
		{4F94ED64-77E3-D44C-B08F-EC59E9F6472F}.Debug|x64.Build.0 = Debug|x64
		{4F94ED64-77E3-D44C-B08F-EC59E9F6472F}.Release|Win32.ActiveCfg = Release|Win32
		{4F94ED64-77E3-D44C-B08F-EC59E9F6472F}.Release|Win32.Build.0 = Release|Win32
		{527AD930-D36D-6C94-6661-B89645930B37}.Release|x64.ActiveCfg = Release|x64
		{527AD930-D36D-6C94-6661-B89645930B37}.Release|x64.Build.0 = Release|x64
		{527AD930-D36D-6C94-6661-B89645930B37}.Debug|Win32.ActiveCfg = Debug|Win32
		{527AD930-D36D-6C94-6661-B89645930B37}.Debug|Win32.Build.0 = Debug|Win32
		{527AD930-D36D-6C94-6661-B89645930B37}.Debug|x64.ActiveCfg = Debug|x64
		{527AD930-D36D-6C94-6661-B89645930B37}.Debug|x64.Build.0 = Debug|x64
		{527AD930-D36D-6C94-6661-B89645930B37}.Release|Win32.ActiveCfg = Release|Win32
		{527AD930-D36D-6C94-6661-B89645930B37}.Release|Win32.Build.0 = Release|Win32
		{C470D2EF-0051-FF0E-CF30-1307DE2CCA2C}.Release|x64.ActiveCfg = Release|x64
		{C470D2EF-0051-FF0E-CF30-1307DE2CCA2C}.Release|x64.Build.0 = Release|x64
		{C470D2EF-0051-FF0E-CF30-1307DE2CCA2C}.Debug|Win32.ActiveCfg = Debug|Win32
		{C470D2EF-0051-FF0E-CF30-1307DE2CCA2C}.Debug|Win32.Build.0 = Debug|Win32
		{C470D2EF-0051-FF0E-CF30-1307DE2CCA2C}.Debug|x64.ActiveCfg = Debug|x64
		{C470D2EF-0051-FF0E-CF30-1307DE2CCA2C}.Debug|x64.Build.0 = Debug|x64
		{C470D2EF-0051-FF0E-CF30-1307DE2CCA2C}.Release|Win32.ActiveCfg = Release|Win32
		{C470D2EF-0051-FF0E-CF30-1307DE2CCA2C}.Release|Win32.Build.0 = Release|Win32
		{D2FA744D-FE3E-440B-D812-8E8F446118B4}.Release|x64.ActiveCfg = Release|x64
		{D2FA744D-FE3E-440B-D812-8E8F446118B4}.Release|x64.Build.0 = Release|x64
		{D2FA744D-FE3E-440B-D812-8E8F446118B4}.Debug|Win32.ActiveCfg = Debug|Win32
		{D2FA744D-FE3E-440B-D812-8E8F446118B4}.Debug|Win32.Build.0 = Debug|Win32
		{D2FA744D-FE3E-440B-D812-8E8F446118B4}.Debug|x64.ActiveCfg = Debug|x64
		{D2FA744D-FE3E-440B-D812-8E8F446118B4}.Debug|x64.Build.0 = Debug|x64
		{D2FA744D-FE3E-440B-D812-8E8F446118B4}.Release|Win32.ActiveCfg = Release|Win32
		{D2FA744D-FE3E-440B-D812-8E8F446118B4}.Release|Win32.Build.0 = Release|Win32
		{DCEE98FE-06E8-C138-7252-8B34248A16B1}.Release|x64.ActiveCfg = Release|x64
		{DCEE98FE-06E8-C138-7252-8B34248A16B1}.Release|x64.Build.0 = Release|x64
		{DCEE98FE-06E8-C138-7252-8B34248A16B1}.Debug|Win32.ActiveCfg = Debug|Win32
		{DCEE98FE-06E8-C138-7252-8B34248A16B1}.Debug|Win32.Build.0 = Debug|Win32
		{DCEE98FE-06E8-C138-7252-8B34248A16B1}.Debug|x64.ActiveCfg = Debug|x64
		{DCEE98FE-06E8-C138-7252-8B34248A16B1}.Debug|x64.Build.0 = Debug|x64
		{DCEE98FE-06E8-C138-7252-8B34248A16B1}.Release|Win32.ActiveCfg = Release|Win32
		{DCEE98FE-06E8-C138-7252-8B34248A16B1}.Release|Win32.Build.0 = Release|Win32
		{F62746A9-60F9-9E7A-2636-F64CE13D6A02}.Release|x64.ActiveCfg = Release|x64
		{F62746A9-60F9-9E7A-2636-F64CE13D6A02}.Release|x64.Build.0 = Release|x64
		{F62746A9-60F9-9E7A-2636-F64CE13D6A02}.Debug|Win32.ActiveCfg = Debug|Win32
		{F62746A9-60F9-9E7A-2636-F64CE13D6A02}.Debug|Win32.Build.0 = Debug|Win32
		{F62746A9-60F9-9E7A-2636-F64CE13D6A02}.Debug|x64.ActiveCfg = Debug|x64
		{F62746A9-60F9-9E7A-2636-F64CE13D6A02}.Debug|x64.Build.0 = Debug|x64
		{F62746A9-60F9-9E7A-2636-F64CE13D6A02}.Release|Win32.ActiveCfg = Release|Win32
		{F62746A9-60F9-9E7A-2636-F64CE13D6A02}.Release|Win32.Build.0 = Release|Win32
	EndGlobalSection
	GlobalSection(SolutionProperties) = preSolution
		HideSolutionNode = FALSE
	EndGlobalSection
	GlobalSection(NestedProjects) = preSolution
		{4F94ED64-77E3-D44C-B08F-EC59E9F6472F} = {7FAA885C-04CF-4C6B-16F0-E9F0B44641AF}
		{C470D2EF-0051-FF0E-CF30-1307DE2CCA2C} = {7FAA885C-04CF-4C6B-16F0-E9F0B44641AF}
		{527AD930-D36D-6C94-6661-B89645930B37} = {7FAA885C-04CF-4C6B-16F0-E9F0B44641AF}
		{DCEE98FE-06E8-C138-7252-8B34248A16B1} = {7FAA885C-04CF-4C6B-16F0-E9F0B44641AF}
		{D2FA744D-FE3E-440B-D812-8E8F446118B4} = {7FAA885C-04CF-4C6B-16F0-E9F0B44641AF}
		{30943106-1390-5E9E-294F-51E69369DEF4} = {7FAA885C-04CF-4C6B-16F0-E9F0B44641AF}
		{37730480-3A1F-37EA-F94B-9832AB290892} = {7FAA885C-04CF-4C6B-16F0-E9F0B44641AF}
		{084B38FC-4DF5-E97B-4EAF-77E326CF6C3F} = {7FAA885C-04CF-4C6B-16F0-E9F0B44641AF}
		{1F2B4147-C8F1-7733-B338-19623B16BF57} = {2DE59335-96CE-10CA-CDE5-FEC35E3549BB}
		{3C0F94F3-1201-6C0B-9DE0-882B60FBD7CC} = {2DE59335-96CE-10CA-CDE5-FEC35E3549BB}
		{F62746A9-60F9-9E7A-2636-F64CE13D6A02} = {2DE59335-96CE-10CA-CDE5-FEC35E3549BB}
		{2DE59335-96CE-10CA-CDE5-FEC35E3549BB} = {89C816A7-DD31-D54C-C69C-5A80E0C49B77}
		{7FAA885C-04CF-4C6B-16F0-E9F0B44641AF} = {E95778BD-E4AC-C3D0-84EF-83684E04593A}
		{E95778BD-E4AC-C3D0-84EF-83684E04593A} = {F3545621-A177-A1E7-26DB-108FF716F075}
	EndGlobalSection
EndGlobal
