Microsoft Visual Studio Solution File, Format Version 11.00
# Visual Studio 2010
Project("{2150E333-8FDC-42A3-9474-1A3956D46DE8}") = "(irt_stub)", "..\..\..\..\..\..\ppapi\native_client\src\untrusted\irt_stub", "{95BD62CF-53A5-E5A9-898C-13787C510E2B}"
EndProject
Project("{2150E333-8FDC-42A3-9474-1A3956D46DE8}") = "(native_client)", "..\..\..\..\..\..\ppapi\native_client", "{317EA82F-CC9F-D464-C736-28BFAA6BA013}"
EndProject
Project("{2150E333-8FDC-42A3-9474-1A3956D46DE8}") = "(native_client)", "..\..\..\..\..\..\native_client", "{829C43DA-1372-614D-F044-340432AECC41}"
EndProject
Project("{2150E333-8FDC-42A3-9474-1A3956D46DE8}") = "(ppapi)", "..\..\..\..\..\..\ppapi", "{5BA6C264-85BC-9866-43EA-BB93D171CD6E}"
EndProject
Project("{2150E333-8FDC-42A3-9474-1A3956D46DE8}") = "(src)", "..\..\..\..\..\..\ppapi\native_client\src", "{FDAA3BBD-0477-42E2-0864-D8B3277B9A24}"
EndProject
Project("{2150E333-8FDC-42A3-9474-1A3956D46DE8}") = "(untrusted)", "..\..\..\..\..\..\ppapi\native_client\src\untrusted", "{70A32B00-7364-576C-DAF3-596E2AFD80AE}"
EndProject
Project("{8BC9CEB8-8B4A-11D0-8D11-00A0C91BC942}") = "crt_fini_32", "..\..\..\..\..\native_client\crt_fini_32.vcxproj", "{68889A3A-975D-6F0A-B90B-DBCF847C2A01}"
	ProjectSection(ProjectDependencies) = postProject
		{C0BA6DF1-D5FD-5D6E-631C-DB8DCD737956} = {C0BA6DF1-D5FD-5D6E-631C-DB8DCD737956}
		{B549F747-FF3E-C8BE-627A-5F1002A1A733} = {B549F747-FF3E-C8BE-627A-5F1002A1A733}
	EndProjectSection
EndProject
Project("{8BC9CEB8-8B4A-11D0-8D11-00A0C91BC942}") = "crt_fini_64", "..\..\..\..\..\native_client\crt_fini_64.vcxproj", "{02B7DACE-8C10-EECD-6306-D2C3540DB1CF}"
	ProjectSection(ProjectDependencies) = postProject
		{C0BA6DF1-D5FD-5D6E-631C-DB8DCD737956} = {C0BA6DF1-D5FD-5D6E-631C-DB8DCD737956}
		{B549F747-FF3E-C8BE-627A-5F1002A1A733} = {B549F747-FF3E-C8BE-627A-5F1002A1A733}
	EndProjectSection
EndProject
Project("{8BC9CEB8-8B4A-11D0-8D11-00A0C91BC942}") = "crt_init_32", "..\..\..\..\..\native_client\crt_init_32.vcxproj", "{640D248C-DBEE-C0F4-6C90-3805F46BF52A}"
	ProjectSection(ProjectDependencies) = postProject
		{C0BA6DF1-D5FD-5D6E-631C-DB8DCD737956} = {C0BA6DF1-D5FD-5D6E-631C-DB8DCD737956}
		{B549F747-FF3E-C8BE-627A-5F1002A1A733} = {B549F747-FF3E-C8BE-627A-5F1002A1A733}
	EndProjectSection
EndProject
Project("{8BC9CEB8-8B4A-11D0-8D11-00A0C91BC942}") = "crt_init_64", "..\..\..\..\..\native_client\crt_init_64.vcxproj", "{6F0CA774-D0F8-1826-EFB7-9A65CC1F47C9}"
	ProjectSection(ProjectDependencies) = postProject
		{C0BA6DF1-D5FD-5D6E-631C-DB8DCD737956} = {C0BA6DF1-D5FD-5D6E-631C-DB8DCD737956}
		{B549F747-FF3E-C8BE-627A-5F1002A1A733} = {B549F747-FF3E-C8BE-627A-5F1002A1A733}
	EndProjectSection
EndProject
Project("{8BC9CEB8-8B4A-11D0-8D11-00A0C91BC942}") = "ppapi_stub_lib", "ppapi_stub_lib.vcxproj", "{9862ACCC-810E-7C7A-C521-1A33800EC25C}"
	ProjectSection(ProjectDependencies) = postProject
		{FECB778E-90E6-D915-43A3-1C469F79745A} = {FECB778E-90E6-D915-43A3-1C469F79745A}
	EndProjectSection
EndProject
Project("{8BC9CEB8-8B4A-11D0-8D11-00A0C91BC942}") = "prep_nacl_sdk", "..\..\..\..\..\native_client\prep_nacl_sdk.vcxproj", "{B549F747-FF3E-C8BE-627A-5F1002A1A733}"
	ProjectSection(ProjectDependencies) = postProject
		{C0BA6DF1-D5FD-5D6E-631C-DB8DCD737956} = {C0BA6DF1-D5FD-5D6E-631C-DB8DCD737956}
	EndProjectSection
EndProject
Project("{8BC9CEB8-8B4A-11D0-8D11-00A0C91BC942}") = "prep_toolchain", "..\..\..\..\..\native_client\prep_toolchain.vcxproj", "{FECB778E-90E6-D915-43A3-1C469F79745A}"
	ProjectSection(ProjectDependencies) = postProject
		{C0BA6DF1-D5FD-5D6E-631C-DB8DCD737956} = {C0BA6DF1-D5FD-5D6E-631C-DB8DCD737956}
		{B549F747-FF3E-C8BE-627A-5F1002A1A733} = {B549F747-FF3E-C8BE-627A-5F1002A1A733}
		{640D248C-DBEE-C0F4-6C90-3805F46BF52A} = {640D248C-DBEE-C0F4-6C90-3805F46BF52A}
		{68889A3A-975D-6F0A-B90B-DBCF847C2A01} = {68889A3A-975D-6F0A-B90B-DBCF847C2A01}
		{6F0CA774-D0F8-1826-EFB7-9A65CC1F47C9} = {6F0CA774-D0F8-1826-EFB7-9A65CC1F47C9}
		{02B7DACE-8C10-EECD-6306-D2C3540DB1CF} = {02B7DACE-8C10-EECD-6306-D2C3540DB1CF}
	EndProjectSection
EndProject
Project("{8BC9CEB8-8B4A-11D0-8D11-00A0C91BC942}") = "untar_toolchains", "..\..\..\..\..\native_client\untar_toolchains.vcxproj", "{C0BA6DF1-D5FD-5D6E-631C-DB8DCD737956}"
EndProject
Global
	GlobalSection(SolutionConfigurationPlatforms) = preSolution
		Release|x64 = Release|x64
		Debug|Win32 = Debug|Win32
		Debug|x64 = Debug|x64
		Release|Win32 = Release|Win32
	EndGlobalSection
	GlobalSection(ProjectConfigurationPlatforms) = postSolution
		{02B7DACE-8C10-EECD-6306-D2C3540DB1CF}.Release|x64.ActiveCfg = Release|x64
		{02B7DACE-8C10-EECD-6306-D2C3540DB1CF}.Release|x64.Build.0 = Release|x64
		{02B7DACE-8C10-EECD-6306-D2C3540DB1CF}.Debug|Win32.ActiveCfg = Debug|Win32
		{02B7DACE-8C10-EECD-6306-D2C3540DB1CF}.Debug|Win32.Build.0 = Debug|Win32
		{02B7DACE-8C10-EECD-6306-D2C3540DB1CF}.Debug|x64.ActiveCfg = Debug|x64
		{02B7DACE-8C10-EECD-6306-D2C3540DB1CF}.Debug|x64.Build.0 = Debug|x64
		{02B7DACE-8C10-EECD-6306-D2C3540DB1CF}.Release|Win32.ActiveCfg = Release|Win32
		{02B7DACE-8C10-EECD-6306-D2C3540DB1CF}.Release|Win32.Build.0 = Release|Win32
		{640D248C-DBEE-C0F4-6C90-3805F46BF52A}.Release|x64.ActiveCfg = Release|x64
		{640D248C-DBEE-C0F4-6C90-3805F46BF52A}.Release|x64.Build.0 = Release|x64
		{640D248C-DBEE-C0F4-6C90-3805F46BF52A}.Debug|Win32.ActiveCfg = Debug|Win32
		{640D248C-DBEE-C0F4-6C90-3805F46BF52A}.Debug|Win32.Build.0 = Debug|Win32
		{640D248C-DBEE-C0F4-6C90-3805F46BF52A}.Debug|x64.ActiveCfg = Debug|x64
		{640D248C-DBEE-C0F4-6C90-3805F46BF52A}.Debug|x64.Build.0 = Debug|x64
		{640D248C-DBEE-C0F4-6C90-3805F46BF52A}.Release|Win32.ActiveCfg = Release|Win32
		{640D248C-DBEE-C0F4-6C90-3805F46BF52A}.Release|Win32.Build.0 = Release|Win32
		{68889A3A-975D-6F0A-B90B-DBCF847C2A01}.Release|x64.ActiveCfg = Release|x64
		{68889A3A-975D-6F0A-B90B-DBCF847C2A01}.Release|x64.Build.0 = Release|x64
		{68889A3A-975D-6F0A-B90B-DBCF847C2A01}.Debug|Win32.ActiveCfg = Debug|Win32
		{68889A3A-975D-6F0A-B90B-DBCF847C2A01}.Debug|Win32.Build.0 = Debug|Win32
		{68889A3A-975D-6F0A-B90B-DBCF847C2A01}.Debug|x64.ActiveCfg = Debug|x64
		{68889A3A-975D-6F0A-B90B-DBCF847C2A01}.Debug|x64.Build.0 = Debug|x64
		{68889A3A-975D-6F0A-B90B-DBCF847C2A01}.Release|Win32.ActiveCfg = Release|Win32
		{68889A3A-975D-6F0A-B90B-DBCF847C2A01}.Release|Win32.Build.0 = Release|Win32
		{6F0CA774-D0F8-1826-EFB7-9A65CC1F47C9}.Release|x64.ActiveCfg = Release|x64
		{6F0CA774-D0F8-1826-EFB7-9A65CC1F47C9}.Release|x64.Build.0 = Release|x64
		{6F0CA774-D0F8-1826-EFB7-9A65CC1F47C9}.Debug|Win32.ActiveCfg = Debug|Win32
		{6F0CA774-D0F8-1826-EFB7-9A65CC1F47C9}.Debug|Win32.Build.0 = Debug|Win32
		{6F0CA774-D0F8-1826-EFB7-9A65CC1F47C9}.Debug|x64.ActiveCfg = Debug|x64
		{6F0CA774-D0F8-1826-EFB7-9A65CC1F47C9}.Debug|x64.Build.0 = Debug|x64
		{6F0CA774-D0F8-1826-EFB7-9A65CC1F47C9}.Release|Win32.ActiveCfg = Release|Win32
		{6F0CA774-D0F8-1826-EFB7-9A65CC1F47C9}.Release|Win32.Build.0 = Release|Win32
		{9862ACCC-810E-7C7A-C521-1A33800EC25C}.Release|x64.ActiveCfg = Release|x64
		{9862ACCC-810E-7C7A-C521-1A33800EC25C}.Release|x64.Build.0 = Release|x64
		{9862ACCC-810E-7C7A-C521-1A33800EC25C}.Debug|Win32.ActiveCfg = Debug|Win32
		{9862ACCC-810E-7C7A-C521-1A33800EC25C}.Debug|Win32.Build.0 = Debug|Win32
		{9862ACCC-810E-7C7A-C521-1A33800EC25C}.Debug|x64.ActiveCfg = Debug|x64
		{9862ACCC-810E-7C7A-C521-1A33800EC25C}.Debug|x64.Build.0 = Debug|x64
		{9862ACCC-810E-7C7A-C521-1A33800EC25C}.Release|Win32.ActiveCfg = Release|Win32
		{9862ACCC-810E-7C7A-C521-1A33800EC25C}.Release|Win32.Build.0 = Release|Win32
		{B549F747-FF3E-C8BE-627A-5F1002A1A733}.Release|x64.ActiveCfg = Release|x64
		{B549F747-FF3E-C8BE-627A-5F1002A1A733}.Release|x64.Build.0 = Release|x64
		{B549F747-FF3E-C8BE-627A-5F1002A1A733}.Debug|Win32.ActiveCfg = Debug|Win32
		{B549F747-FF3E-C8BE-627A-5F1002A1A733}.Debug|Win32.Build.0 = Debug|Win32
		{B549F747-FF3E-C8BE-627A-5F1002A1A733}.Debug|x64.ActiveCfg = Debug|x64
		{B549F747-FF3E-C8BE-627A-5F1002A1A733}.Debug|x64.Build.0 = Debug|x64
		{B549F747-FF3E-C8BE-627A-5F1002A1A733}.Release|Win32.ActiveCfg = Release|Win32
		{B549F747-FF3E-C8BE-627A-5F1002A1A733}.Release|Win32.Build.0 = Release|Win32
		{C0BA6DF1-D5FD-5D6E-631C-DB8DCD737956}.Release|x64.ActiveCfg = Release|x64
		{C0BA6DF1-D5FD-5D6E-631C-DB8DCD737956}.Release|x64.Build.0 = Release|x64
		{C0BA6DF1-D5FD-5D6E-631C-DB8DCD737956}.Debug|Win32.ActiveCfg = Debug|Win32
		{C0BA6DF1-D5FD-5D6E-631C-DB8DCD737956}.Debug|Win32.Build.0 = Debug|Win32
		{C0BA6DF1-D5FD-5D6E-631C-DB8DCD737956}.Debug|x64.ActiveCfg = Debug|x64
		{C0BA6DF1-D5FD-5D6E-631C-DB8DCD737956}.Debug|x64.Build.0 = Debug|x64
		{C0BA6DF1-D5FD-5D6E-631C-DB8DCD737956}.Release|Win32.ActiveCfg = Release|Win32
		{C0BA6DF1-D5FD-5D6E-631C-DB8DCD737956}.Release|Win32.Build.0 = Release|Win32
		{FECB778E-90E6-D915-43A3-1C469F79745A}.Release|x64.ActiveCfg = Release|x64
		{FECB778E-90E6-D915-43A3-1C469F79745A}.Release|x64.Build.0 = Release|x64
		{FECB778E-90E6-D915-43A3-1C469F79745A}.Debug|Win32.ActiveCfg = Debug|Win32
		{FECB778E-90E6-D915-43A3-1C469F79745A}.Debug|Win32.Build.0 = Debug|Win32
		{FECB778E-90E6-D915-43A3-1C469F79745A}.Debug|x64.ActiveCfg = Debug|x64
		{FECB778E-90E6-D915-43A3-1C469F79745A}.Debug|x64.Build.0 = Debug|x64
		{FECB778E-90E6-D915-43A3-1C469F79745A}.Release|Win32.ActiveCfg = Release|Win32
		{FECB778E-90E6-D915-43A3-1C469F79745A}.Release|Win32.Build.0 = Release|Win32
	EndGlobalSection
	GlobalSection(SolutionProperties) = preSolution
		HideSolutionNode = FALSE
	EndGlobalSection
	GlobalSection(NestedProjects) = preSolution
		{9862ACCC-810E-7C7A-C521-1A33800EC25C} = {95BD62CF-53A5-E5A9-898C-13787C510E2B}
		{FDAA3BBD-0477-42E2-0864-D8B3277B9A24} = {317EA82F-CC9F-D464-C736-28BFAA6BA013}
		{68889A3A-975D-6F0A-B90B-DBCF847C2A01} = {829C43DA-1372-614D-F044-340432AECC41}
		{02B7DACE-8C10-EECD-6306-D2C3540DB1CF} = {829C43DA-1372-614D-F044-340432AECC41}
		{640D248C-DBEE-C0F4-6C90-3805F46BF52A} = {829C43DA-1372-614D-F044-340432AECC41}
		{6F0CA774-D0F8-1826-EFB7-9A65CC1F47C9} = {829C43DA-1372-614D-F044-340432AECC41}
		{B549F747-FF3E-C8BE-627A-5F1002A1A733} = {829C43DA-1372-614D-F044-340432AECC41}
		{FECB778E-90E6-D915-43A3-1C469F79745A} = {829C43DA-1372-614D-F044-340432AECC41}
		{C0BA6DF1-D5FD-5D6E-631C-DB8DCD737956} = {829C43DA-1372-614D-F044-340432AECC41}
		{317EA82F-CC9F-D464-C736-28BFAA6BA013} = {5BA6C264-85BC-9866-43EA-BB93D171CD6E}
		{70A32B00-7364-576C-DAF3-596E2AFD80AE} = {FDAA3BBD-0477-42E2-0864-D8B3277B9A24}
		{95BD62CF-53A5-E5A9-898C-13787C510E2B} = {70A32B00-7364-576C-DAF3-596E2AFD80AE}
	EndGlobalSection
EndGlobal
