<?xml version="1.0" encoding="utf-8"?>
<Project ToolsVersion="4.0" xmlns="http://schemas.microsoft.com/developer/msbuild/2003">
  <ItemGroup>
    <Filter Include="glue">
      <UniqueIdentifier>{9C0EBFC5-0C0B-8A11-B834-3199D9447A2E}</UniqueIdentifier>
    </Filter>
  </ItemGroup>
  <ItemGroup>
    <None Include="jingle.gyp"/>
    <ClCompile Include="glue\proxy_resolving_client_socket.cc">
      <Filter>glue</Filter>
    </ClCompile>
    <ClInclude Include="glue\proxy_resolving_client_socket.h">
      <Filter>glue</Filter>
    </ClInclude>
    <ClInclude Include="glue\fake_ssl_client_socket.h">
      <Filter>glue</Filter>
    </ClInclude>
    <ClInclude Include="glue\resolving_client_socket_factory.h">
      <Filter>glue</Filter>
    </ClInclude>
    <ClCompile Include="glue\channel_socket_adapter.cc">
      <Filter>glue</Filter>
    </ClCompile>
    <ClCompile Include="glue\xmpp_client_socket_factory.cc">
      <Filter>glue</Filter>
    </ClCompile>
    <ClCompile Include="glue\fake_ssl_client_socket.cc">
      <Filter>glue</Filter>
    </ClCompile>
    <ClInclude Include="glue\pseudotcp_adapter.h">
      <Filter>glue</Filter>
    </ClInclude>
    <ClCompile Include="glue\chrome_async_socket.cc">
      <Filter>glue</Filter>
    </ClCompile>
    <ClInclude Include="glue\task_pump.h">
      <Filter>glue</Filter>
    </ClInclude>
    <ClInclude Include="glue\chrome_async_socket.h">
      <Filter>glue</Filter>
    </ClInclude>
    <ClInclude Include="glue\thread_wrapper.h">
      <Filter>glue</Filter>
    </ClInclude>
    <ClCompile Include="glue\utils.cc">
      <Filter>glue</Filter>
    </ClCompile>
    <ClInclude Include="glue\utils.h">
      <Filter>glue</Filter>
    </ClInclude>
    <ClInclude Include="glue\channel_socket_adapter.h">
      <Filter>glue</Filter>
    </ClInclude>
    <ClInclude Include="glue\xmpp_client_socket_factory.h">
      <Filter>glue</Filter>
    </ClInclude>
    <ClCompile Include="glue\task_pump.cc">
      <Filter>glue</Filter>
    </ClCompile>
    <ClCompile Include="glue\pseudotcp_adapter.cc">
      <Filter>glue</Filter>
    </ClCompile>
    <ClCompile Include="glue\thread_wrapper.cc">
      <Filter>glue</Filter>
    </ClCompile>
  </ItemGroup>
</Project>
