<?xml version="1.0" encoding="utf-8"?>
<Project ToolsVersion="4.0" xmlns="http://schemas.microsoft.com/developer/msbuild/2003">
  <ItemGroup>
    <Filter Include="tools">
      <UniqueIdentifier>{A0946190-5491-4D66-7E51-19400E36F078}</UniqueIdentifier>
    </Filter>
  </ItemGroup>
  <ItemGroup>
    <None Include="remoting.gyp"/>
    <ClCompile Include="tools\breakpad_tester_win.cc">
      <Filter>tools</Filter>
    </ClCompile>
  </ItemGroup>
</Project>
