Microsoft Visual Studio Solution File, Format Version 11.00
# Visual Studio 2010
Project("{2150E333-8FDC-42A3-9474-1A3956D46DE8}") = "(allocator)", "..\..\..\..\base\allocator", "{6478B9F3-4858-63F4-35F4-98A303E305F3}"
EndProject
Project("{2150E333-8FDC-42A3-9474-1A3956D46DE8}") = "(app)", "..\..\..\..\chrome\app", "{6F05A794-08CF-FA4E-E810-52FCB2AFEFE5}"
EndProject
Project("{2150E333-8FDC-42A3-9474-1A3956D46DE8}") = "(base)", "..\..\..\..\base", "{9785FB75-982A-5DE3-252D-3F288B9FEF5B}"
EndProject
Project("{2150E333-8FDC-42A3-9474-1A3956D46DE8}") = "(chrome)", "..\..\..\..\chrome", "{CA127179-388A-5DFD-3EE4-9882FA1EF246}"
EndProject
Project("{2150E333-8FDC-42A3-9474-1A3956D46DE8}") = "(policy)", "..\..\..\..\chrome\app\policy", "{BE57350A-D959-0CAD-EB59-4379CD033772}"
EndProject
Project("{2150E333-8FDC-42A3-9474-1A3956D46DE8}") = "(protobuf)", "..\..\..\..\third_party\protobuf", "{FF6C6E0D-F605-D848-8A79-B0ED90BBDB2F}"
EndProject
Project("{2150E333-8FDC-42A3-9474-1A3956D46DE8}") = "(testing)", "..\..\..\..\testing", "{EAC80D00-01D2-3F49-A377-20B7154947F3}"
EndProject
Project("{2150E333-8FDC-42A3-9474-1A3956D46DE8}") = "(third_party)", "..\..\..\..\base\third_party", "{3E7FA5AF-27B3-2DE0-883C-12F98E7F4E81}"
EndProject
Project("{2150E333-8FDC-42A3-9474-1A3956D46DE8}") = "(third_party)", "..\..\..\..\third_party", "{89C816A7-DD31-D54C-C69C-5A80E0C49B77}"
EndProject
Project("{8BC9CEB8-8B4A-11D0-8D11-00A0C91BC942}") = "allocator_extension_thunks", "..\..\..\base\allocator\allocator_extension_thunks.vcxproj", "{C629AD6B-2F76-DC77-E33D-5CF388A7C0AE}"
EndProject
Project("{8BC9CEB8-8B4A-11D0-8D11-00A0C91BC942}") = "base", "..\..\..\base\base.vcxproj", "{AE57669C-4D5E-9E81-19EA-D018636CEF6B}"
	ProjectSection(ProjectDependencies) = postProject
		{22D852D4-154A-E24C-45F7-EFBBE4C23FAC} = {22D852D4-154A-E24C-45F7-EFBBE4C23FAC}
	EndProjectSection
EndProject
Project("{8BC9CEB8-8B4A-11D0-8D11-00A0C91BC942}") = "base_static", "..\..\..\base\base_static.vcxproj", "{38F84574-9CE1-FC5D-6E4D-9070DE052246}"
EndProject
Project("{8BC9CEB8-8B4A-11D0-8D11-00A0C91BC942}") = "chrome_settings_proto_generated_compile", "chrome_settings_proto_generated_compile.vcxproj", "{E081070F-7F0B-5E89-C418-5A17DE3F413F}"
	ProjectSection(ProjectDependencies) = postProject
		{C7658BBA-78F5-00DA-D6D7-C35A95B68825} = {C7658BBA-78F5-00DA-D6D7-C35A95B68825}
		{B8BAAEB0-F138-E404-32EA-F88334403D58} = {B8BAAEB0-F138-E404-32EA-F88334403D58}
		{F18BC672-1675-F4EB-F619-A28225BDAB9A} = {F18BC672-1675-F4EB-F619-A28225BDAB9A}
	EndProjectSection
EndProject
Project("{8BC9CEB8-8B4A-11D0-8D11-00A0C91BC942}") = "cloud_policy_code_generate", "cloud_policy_code_generate.vcxproj", "{C7658BBA-78F5-00DA-D6D7-C35A95B68825}"
EndProject
Project("{8BC9CEB8-8B4A-11D0-8D11-00A0C91BC942}") = "cloud_policy_proto_generated_compile", "cloud_policy_proto_generated_compile.vcxproj", "{B8BAAEB0-F138-E404-32EA-F88334403D58}"
	ProjectSection(ProjectDependencies) = postProject
		{C7658BBA-78F5-00DA-D6D7-C35A95B68825} = {C7658BBA-78F5-00DA-D6D7-C35A95B68825}
		{F18BC672-1675-F4EB-F619-A28225BDAB9A} = {F18BC672-1675-F4EB-F619-A28225BDAB9A}
	EndProjectSection
EndProject
Project("{8BC9CEB8-8B4A-11D0-8D11-00A0C91BC942}") = "dynamic_annotations", "..\..\..\base\third_party\dynamic_annotations\dynamic_annotations.vcxproj", "{08B65B64-9141-F14C-5F3C-DE63CD15698D}"
EndProject
Project("{8BC9CEB8-8B4A-11D0-8D11-00A0C91BC942}") = "gtest_prod", "..\..\..\testing\gtest_prod.vcxproj", "{22D852D4-154A-E24C-45F7-EFBBE4C23FAC}"
EndProject
Project("{8BC9CEB8-8B4A-11D0-8D11-00A0C91BC942}") = "modp_b64", "..\..\..\third_party\modp_b64\modp_b64.vcxproj", "{4E9F418F-A348-98E8-5170-CA32C2B2FBFA}"
EndProject
Project("{8BC9CEB8-8B4A-11D0-8D11-00A0C91BC942}") = "policy", "policy.vcxproj", "{9E7B8560-BF56-EB0F-AE24-C7763BEC0610}"
	ProjectSection(ProjectDependencies) = postProject
		{C7658BBA-78F5-00DA-D6D7-C35A95B68825} = {C7658BBA-78F5-00DA-D6D7-C35A95B68825}
		{B8BAAEB0-F138-E404-32EA-F88334403D58} = {B8BAAEB0-F138-E404-32EA-F88334403D58}
	EndProjectSection
EndProject
Project("{8BC9CEB8-8B4A-11D0-8D11-00A0C91BC942}") = "policy_test_support", "policy_test_support.vcxproj", "{564FFD6C-A527-1DF6-A15E-CC9143058D8A}"
	ProjectSection(ProjectDependencies) = postProject
		{9E7B8560-BF56-EB0F-AE24-C7763BEC0610} = {9E7B8560-BF56-EB0F-AE24-C7763BEC0610}
		{E081070F-7F0B-5E89-C418-5A17DE3F413F} = {E081070F-7F0B-5E89-C418-5A17DE3F413F}
	EndProjectSection
EndProject
Project("{8BC9CEB8-8B4A-11D0-8D11-00A0C91BC942}") = "policy_win64", "policy_win64.vcxproj", "{512BB324-3607-3D0C-8A52-5A358C86425D}"
	ProjectSection(ProjectDependencies) = postProject
		{C7658BBA-78F5-00DA-D6D7-C35A95B68825} = {C7658BBA-78F5-00DA-D6D7-C35A95B68825}
	EndProjectSection
EndProject
Project("{8BC9CEB8-8B4A-11D0-8D11-00A0C91BC942}") = "protobuf_full_do_not_use", "..\..\..\third_party\protobuf\protobuf_full_do_not_use.vcxproj", "{BBA159DC-1465-E21E-F88F-745FB1525F09}"
EndProject
Project("{8BC9CEB8-8B4A-11D0-8D11-00A0C91BC942}") = "protobuf_lite", "..\..\..\third_party\protobuf\protobuf_lite.vcxproj", "{35C12F5D-D290-BA18-F1D1-3626CE46E0CC}"
EndProject
Project("{8BC9CEB8-8B4A-11D0-8D11-00A0C91BC942}") = "protoc", "..\..\..\third_party\protobuf\protoc.vcxproj", "{F18BC672-1675-F4EB-F619-A28225BDAB9A}"
	ProjectSection(ProjectDependencies) = postProject
		{BBA159DC-1465-E21E-F88F-745FB1525F09} = {BBA159DC-1465-E21E-F88F-745FB1525F09}
	EndProjectSection
EndProject
Global
	GlobalSection(SolutionConfigurationPlatforms) = preSolution
		Release|x64 = Release|x64
		Debug|Win32 = Debug|Win32
		Debug|x64 = Debug|x64
		Release|Win32 = Release|Win32
	EndGlobalSection
	GlobalSection(ProjectConfigurationPlatforms) = postSolution
		{08B65B64-9141-F14C-5F3C-DE63CD15698D}.Release|x64.ActiveCfg = Release|x64
		{08B65B64-9141-F14C-5F3C-DE63CD15698D}.Release|x64.Build.0 = Release|x64
		{08B65B64-9141-F14C-5F3C-DE63CD15698D}.Debug|Win32.ActiveCfg = Debug|Win32
		{08B65B64-9141-F14C-5F3C-DE63CD15698D}.Debug|Win32.Build.0 = Debug|Win32
		{08B65B64-9141-F14C-5F3C-DE63CD15698D}.Debug|x64.ActiveCfg = Debug|x64
		{08B65B64-9141-F14C-5F3C-DE63CD15698D}.Debug|x64.Build.0 = Debug|x64
		{08B65B64-9141-F14C-5F3C-DE63CD15698D}.Release|Win32.ActiveCfg = Release|Win32
		{08B65B64-9141-F14C-5F3C-DE63CD15698D}.Release|Win32.Build.0 = Release|Win32
		{22D852D4-154A-E24C-45F7-EFBBE4C23FAC}.Release|x64.ActiveCfg = Release|x64
		{22D852D4-154A-E24C-45F7-EFBBE4C23FAC}.Release|x64.Build.0 = Release|x64
		{22D852D4-154A-E24C-45F7-EFBBE4C23FAC}.Debug|Win32.ActiveCfg = Debug|Win32
		{22D852D4-154A-E24C-45F7-EFBBE4C23FAC}.Debug|Win32.Build.0 = Debug|Win32
		{22D852D4-154A-E24C-45F7-EFBBE4C23FAC}.Debug|x64.ActiveCfg = Debug|x64
		{22D852D4-154A-E24C-45F7-EFBBE4C23FAC}.Debug|x64.Build.0 = Debug|x64
		{22D852D4-154A-E24C-45F7-EFBBE4C23FAC}.Release|Win32.ActiveCfg = Release|Win32
		{22D852D4-154A-E24C-45F7-EFBBE4C23FAC}.Release|Win32.Build.0 = Release|Win32
		{35C12F5D-D290-BA18-F1D1-3626CE46E0CC}.Release|x64.ActiveCfg = Release|x64
		{35C12F5D-D290-BA18-F1D1-3626CE46E0CC}.Release|x64.Build.0 = Release|x64
		{35C12F5D-D290-BA18-F1D1-3626CE46E0CC}.Debug|Win32.ActiveCfg = Debug|Win32
		{35C12F5D-D290-BA18-F1D1-3626CE46E0CC}.Debug|Win32.Build.0 = Debug|Win32
		{35C12F5D-D290-BA18-F1D1-3626CE46E0CC}.Debug|x64.ActiveCfg = Debug|x64
		{35C12F5D-D290-BA18-F1D1-3626CE46E0CC}.Debug|x64.Build.0 = Debug|x64
		{35C12F5D-D290-BA18-F1D1-3626CE46E0CC}.Release|Win32.ActiveCfg = Release|Win32
		{35C12F5D-D290-BA18-F1D1-3626CE46E0CC}.Release|Win32.Build.0 = Release|Win32
		{38F84574-9CE1-FC5D-6E4D-9070DE052246}.Release|x64.ActiveCfg = Release|x64
		{38F84574-9CE1-FC5D-6E4D-9070DE052246}.Release|x64.Build.0 = Release|x64
		{38F84574-9CE1-FC5D-6E4D-9070DE052246}.Debug|Win32.ActiveCfg = Debug|Win32
		{38F84574-9CE1-FC5D-6E4D-9070DE052246}.Debug|Win32.Build.0 = Debug|Win32
		{38F84574-9CE1-FC5D-6E4D-9070DE052246}.Debug|x64.ActiveCfg = Debug|x64
		{38F84574-9CE1-FC5D-6E4D-9070DE052246}.Debug|x64.Build.0 = Debug|x64
		{38F84574-9CE1-FC5D-6E4D-9070DE052246}.Release|Win32.ActiveCfg = Release|Win32
		{38F84574-9CE1-FC5D-6E4D-9070DE052246}.Release|Win32.Build.0 = Release|Win32
		{4E9F418F-A348-98E8-5170-CA32C2B2FBFA}.Release|x64.ActiveCfg = Release|x64
		{4E9F418F-A348-98E8-5170-CA32C2B2FBFA}.Release|x64.Build.0 = Release|x64
		{4E9F418F-A348-98E8-5170-CA32C2B2FBFA}.Debug|Win32.ActiveCfg = Debug|Win32
		{4E9F418F-A348-98E8-5170-CA32C2B2FBFA}.Debug|Win32.Build.0 = Debug|Win32
		{4E9F418F-A348-98E8-5170-CA32C2B2FBFA}.Debug|x64.ActiveCfg = Debug|x64
		{4E9F418F-A348-98E8-5170-CA32C2B2FBFA}.Debug|x64.Build.0 = Debug|x64
		{4E9F418F-A348-98E8-5170-CA32C2B2FBFA}.Release|Win32.ActiveCfg = Release|Win32
		{4E9F418F-A348-98E8-5170-CA32C2B2FBFA}.Release|Win32.Build.0 = Release|Win32
		{512BB324-3607-3D0C-8A52-5A358C86425D}.Release|x64.ActiveCfg = Release|x64
		{512BB324-3607-3D0C-8A52-5A358C86425D}.Release|x64.Build.0 = Release|x64
		{512BB324-3607-3D0C-8A52-5A358C86425D}.Debug|Win32.ActiveCfg = Debug|x64
		{512BB324-3607-3D0C-8A52-5A358C86425D}.Debug|Win32.Build.0 = Debug|x64
		{512BB324-3607-3D0C-8A52-5A358C86425D}.Debug|x64.ActiveCfg = Debug|x64
		{512BB324-3607-3D0C-8A52-5A358C86425D}.Debug|x64.Build.0 = Debug|x64
		{512BB324-3607-3D0C-8A52-5A358C86425D}.Release|Win32.ActiveCfg = Release|x64
		{512BB324-3607-3D0C-8A52-5A358C86425D}.Release|Win32.Build.0 = Release|x64
		{564FFD6C-A527-1DF6-A15E-CC9143058D8A}.Release|x64.ActiveCfg = Release|x64
		{564FFD6C-A527-1DF6-A15E-CC9143058D8A}.Release|x64.Build.0 = Release|x64
		{564FFD6C-A527-1DF6-A15E-CC9143058D8A}.Debug|Win32.ActiveCfg = Debug|Win32
		{564FFD6C-A527-1DF6-A15E-CC9143058D8A}.Debug|Win32.Build.0 = Debug|Win32
		{564FFD6C-A527-1DF6-A15E-CC9143058D8A}.Debug|x64.ActiveCfg = Debug|x64
		{564FFD6C-A527-1DF6-A15E-CC9143058D8A}.Debug|x64.Build.0 = Debug|x64
		{564FFD6C-A527-1DF6-A15E-CC9143058D8A}.Release|Win32.ActiveCfg = Release|Win32
		{564FFD6C-A527-1DF6-A15E-CC9143058D8A}.Release|Win32.Build.0 = Release|Win32
		{9E7B8560-BF56-EB0F-AE24-C7763BEC0610}.Release|x64.ActiveCfg = Release|x64
		{9E7B8560-BF56-EB0F-AE24-C7763BEC0610}.Release|x64.Build.0 = Release|x64
		{9E7B8560-BF56-EB0F-AE24-C7763BEC0610}.Debug|Win32.ActiveCfg = Debug|Win32
		{9E7B8560-BF56-EB0F-AE24-C7763BEC0610}.Debug|Win32.Build.0 = Debug|Win32
		{9E7B8560-BF56-EB0F-AE24-C7763BEC0610}.Debug|x64.ActiveCfg = Debug|x64
		{9E7B8560-BF56-EB0F-AE24-C7763BEC0610}.Debug|x64.Build.0 = Debug|x64
		{9E7B8560-BF56-EB0F-AE24-C7763BEC0610}.Release|Win32.ActiveCfg = Release|Win32
		{9E7B8560-BF56-EB0F-AE24-C7763BEC0610}.Release|Win32.Build.0 = Release|Win32
		{AE57669C-4D5E-9E81-19EA-D018636CEF6B}.Release|x64.ActiveCfg = Release|x64
		{AE57669C-4D5E-9E81-19EA-D018636CEF6B}.Release|x64.Build.0 = Release|x64
		{AE57669C-4D5E-9E81-19EA-D018636CEF6B}.Debug|Win32.ActiveCfg = Debug|Win32
		{AE57669C-4D5E-9E81-19EA-D018636CEF6B}.Debug|Win32.Build.0 = Debug|Win32
		{AE57669C-4D5E-9E81-19EA-D018636CEF6B}.Debug|x64.ActiveCfg = Debug|x64
		{AE57669C-4D5E-9E81-19EA-D018636CEF6B}.Debug|x64.Build.0 = Debug|x64
		{AE57669C-4D5E-9E81-19EA-D018636CEF6B}.Release|Win32.ActiveCfg = Release|Win32
		{AE57669C-4D5E-9E81-19EA-D018636CEF6B}.Release|Win32.Build.0 = Release|Win32
		{B8BAAEB0-F138-E404-32EA-F88334403D58}.Release|x64.ActiveCfg = Release|x64
		{B8BAAEB0-F138-E404-32EA-F88334403D58}.Release|x64.Build.0 = Release|x64
		{B8BAAEB0-F138-E404-32EA-F88334403D58}.Debug|Win32.ActiveCfg = Debug|Win32
		{B8BAAEB0-F138-E404-32EA-F88334403D58}.Debug|Win32.Build.0 = Debug|Win32
		{B8BAAEB0-F138-E404-32EA-F88334403D58}.Debug|x64.ActiveCfg = Debug|x64
		{B8BAAEB0-F138-E404-32EA-F88334403D58}.Debug|x64.Build.0 = Debug|x64
		{B8BAAEB0-F138-E404-32EA-F88334403D58}.Release|Win32.ActiveCfg = Release|Win32
		{B8BAAEB0-F138-E404-32EA-F88334403D58}.Release|Win32.Build.0 = Release|Win32
		{BBA159DC-1465-E21E-F88F-745FB1525F09}.Release|x64.ActiveCfg = Release|x64
		{BBA159DC-1465-E21E-F88F-745FB1525F09}.Release|x64.Build.0 = Release|x64
		{BBA159DC-1465-E21E-F88F-745FB1525F09}.Debug|Win32.ActiveCfg = Debug|Win32
		{BBA159DC-1465-E21E-F88F-745FB1525F09}.Debug|Win32.Build.0 = Debug|Win32
		{BBA159DC-1465-E21E-F88F-745FB1525F09}.Debug|x64.ActiveCfg = Debug|x64
		{BBA159DC-1465-E21E-F88F-745FB1525F09}.Debug|x64.Build.0 = Debug|x64
		{BBA159DC-1465-E21E-F88F-745FB1525F09}.Release|Win32.ActiveCfg = Release|Win32
		{BBA159DC-1465-E21E-F88F-745FB1525F09}.Release|Win32.Build.0 = Release|Win32
		{C629AD6B-2F76-DC77-E33D-5CF388A7C0AE}.Release|x64.ActiveCfg = Release|x64
		{C629AD6B-2F76-DC77-E33D-5CF388A7C0AE}.Release|x64.Build.0 = Release|x64
		{C629AD6B-2F76-DC77-E33D-5CF388A7C0AE}.Debug|Win32.ActiveCfg = Debug|Win32
		{C629AD6B-2F76-DC77-E33D-5CF388A7C0AE}.Debug|Win32.Build.0 = Debug|Win32
		{C629AD6B-2F76-DC77-E33D-5CF388A7C0AE}.Debug|x64.ActiveCfg = Debug|x64
		{C629AD6B-2F76-DC77-E33D-5CF388A7C0AE}.Debug|x64.Build.0 = Debug|x64
		{C629AD6B-2F76-DC77-E33D-5CF388A7C0AE}.Release|Win32.ActiveCfg = Release|Win32
		{C629AD6B-2F76-DC77-E33D-5CF388A7C0AE}.Release|Win32.Build.0 = Release|Win32
		{C7658BBA-78F5-00DA-D6D7-C35A95B68825}.Release|x64.ActiveCfg = Release|x64
		{C7658BBA-78F5-00DA-D6D7-C35A95B68825}.Release|x64.Build.0 = Release|x64
		{C7658BBA-78F5-00DA-D6D7-C35A95B68825}.Debug|Win32.ActiveCfg = Debug|Win32
		{C7658BBA-78F5-00DA-D6D7-C35A95B68825}.Debug|Win32.Build.0 = Debug|Win32
		{C7658BBA-78F5-00DA-D6D7-C35A95B68825}.Debug|x64.ActiveCfg = Debug|x64
		{C7658BBA-78F5-00DA-D6D7-C35A95B68825}.Debug|x64.Build.0 = Debug|x64
		{C7658BBA-78F5-00DA-D6D7-C35A95B68825}.Release|Win32.ActiveCfg = Release|Win32
		{C7658BBA-78F5-00DA-D6D7-C35A95B68825}.Release|Win32.Build.0 = Release|Win32
		{E081070F-7F0B-5E89-C418-5A17DE3F413F}.Release|x64.ActiveCfg = Release|x64
		{E081070F-7F0B-5E89-C418-5A17DE3F413F}.Release|x64.Build.0 = Release|x64
		{E081070F-7F0B-5E89-C418-5A17DE3F413F}.Debug|Win32.ActiveCfg = Debug|Win32
		{E081070F-7F0B-5E89-C418-5A17DE3F413F}.Debug|Win32.Build.0 = Debug|Win32
		{E081070F-7F0B-5E89-C418-5A17DE3F413F}.Debug|x64.ActiveCfg = Debug|x64
		{E081070F-7F0B-5E89-C418-5A17DE3F413F}.Debug|x64.Build.0 = Debug|x64
		{E081070F-7F0B-5E89-C418-5A17DE3F413F}.Release|Win32.ActiveCfg = Release|Win32
		{E081070F-7F0B-5E89-C418-5A17DE3F413F}.Release|Win32.Build.0 = Release|Win32
		{F18BC672-1675-F4EB-F619-A28225BDAB9A}.Release|x64.ActiveCfg = Release|x64
		{F18BC672-1675-F4EB-F619-A28225BDAB9A}.Release|x64.Build.0 = Release|x64
		{F18BC672-1675-F4EB-F619-A28225BDAB9A}.Debug|Win32.ActiveCfg = Debug|Win32
		{F18BC672-1675-F4EB-F619-A28225BDAB9A}.Debug|Win32.Build.0 = Debug|Win32
		{F18BC672-1675-F4EB-F619-A28225BDAB9A}.Debug|x64.ActiveCfg = Debug|x64
		{F18BC672-1675-F4EB-F619-A28225BDAB9A}.Debug|x64.Build.0 = Debug|x64
		{F18BC672-1675-F4EB-F619-A28225BDAB9A}.Release|Win32.ActiveCfg = Release|Win32
		{F18BC672-1675-F4EB-F619-A28225BDAB9A}.Release|Win32.Build.0 = Release|Win32
	EndGlobalSection
	GlobalSection(SolutionProperties) = preSolution
		HideSolutionNode = FALSE
	EndGlobalSection
	GlobalSection(NestedProjects) = preSolution
		{C629AD6B-2F76-DC77-E33D-5CF388A7C0AE} = {6478B9F3-4858-63F4-35F4-98A303E305F3}
		{BE57350A-D959-0CAD-EB59-4379CD033772} = {6F05A794-08CF-FA4E-E810-52FCB2AFEFE5}
		{6478B9F3-4858-63F4-35F4-98A303E305F3} = {9785FB75-982A-5DE3-252D-3F288B9FEF5B}
		{3E7FA5AF-27B3-2DE0-883C-12F98E7F4E81} = {9785FB75-982A-5DE3-252D-3F288B9FEF5B}
		{AE57669C-4D5E-9E81-19EA-D018636CEF6B} = {9785FB75-982A-5DE3-252D-3F288B9FEF5B}
		{38F84574-9CE1-FC5D-6E4D-9070DE052246} = {9785FB75-982A-5DE3-252D-3F288B9FEF5B}
		{6F05A794-08CF-FA4E-E810-52FCB2AFEFE5} = {CA127179-388A-5DFD-3EE4-9882FA1EF246}
		{E081070F-7F0B-5E89-C418-5A17DE3F413F} = {BE57350A-D959-0CAD-EB59-4379CD033772}
		{C7658BBA-78F5-00DA-D6D7-C35A95B68825} = {BE57350A-D959-0CAD-EB59-4379CD033772}
		{B8BAAEB0-F138-E404-32EA-F88334403D58} = {BE57350A-D959-0CAD-EB59-4379CD033772}
		{9E7B8560-BF56-EB0F-AE24-C7763BEC0610} = {BE57350A-D959-0CAD-EB59-4379CD033772}
		{564FFD6C-A527-1DF6-A15E-CC9143058D8A} = {BE57350A-D959-0CAD-EB59-4379CD033772}
		{512BB324-3607-3D0C-8A52-5A358C86425D} = {BE57350A-D959-0CAD-EB59-4379CD033772}
		{BBA159DC-1465-E21E-F88F-745FB1525F09} = {FF6C6E0D-F605-D848-8A79-B0ED90BBDB2F}
		{35C12F5D-D290-BA18-F1D1-3626CE46E0CC} = {FF6C6E0D-F605-D848-8A79-B0ED90BBDB2F}
		{F18BC672-1675-F4EB-F619-A28225BDAB9A} = {FF6C6E0D-F605-D848-8A79-B0ED90BBDB2F}
		{22D852D4-154A-E24C-45F7-EFBBE4C23FAC} = {EAC80D00-01D2-3F49-A377-20B7154947F3}
		{08B65B64-9141-F14C-5F3C-DE63CD15698D} = {3E7FA5AF-27B3-2DE0-883C-12F98E7F4E81}
		{FF6C6E0D-F605-D848-8A79-B0ED90BBDB2F} = {89C816A7-DD31-D54C-C69C-5A80E0C49B77}
		{4E9F418F-A348-98E8-5170-CA32C2B2FBFA} = {89C816A7-DD31-D54C-C69C-5A80E0C49B77}
	EndGlobalSection
EndGlobal
